// !$*UTF8*$!
{
	archiveVersion = 1;
	classes = {
	};
	objectVersion = 46;
	objects = {

/* Begin PBXBuildFile section */
		B64E235C1814AEBD0076347F /* QuartzCore.framework in Frameworks */ = {isa = PBXBuildFile; fileRef = B64E235B1814AEBD0076347F /* QuartzCore.framework */; };
		B64E235E1814AEBD0076347F /* OpenGLES.framework in Frameworks */ = {isa = PBXBuildFile; fileRef = B64E235D1814AEBD0076347F /* OpenGLES.framework */; };
		B64E23601814AEBD0076347F /* OpenAL.framework in Frameworks */ = {isa = PBXBuildFile; fileRef = B64E235F1814AEBD0076347F /* OpenAL.framework */; };
		B64E23621814AEBD0076347F /* AudioToolbox.framework in Frameworks */ = {isa = PBXBuildFile; fileRef = B64E23611814AEBD0076347F /* AudioToolbox.framework */; };
		B64E23641814AEBD0076347F /* AVFoundation.framework in Frameworks */ = {isa = PBXBuildFile; fileRef = B64E23631814AEBD0076347F /* AVFoundation.framework */; };
		B64E23661814AEBD0076347F /* UIKit.framework in Frameworks */ = {isa = PBXBuildFile; fileRef = B64E23651814AEBD0076347F /* UIKit.framework */; };
		B64E23681814AEBD0076347F /* Foundation.framework in Frameworks */ = {isa = PBXBuildFile; fileRef = B64E23671814AEBD0076347F /* Foundation.framework */; };
		B64E236A1814AEBD0076347F /* CoreGraphics.framework in Frameworks */ = {isa = PBXBuildFile; fileRef = B64E23691814AEBD0076347F /* CoreGraphics.framework */; };
		B64E236E1814AEBD0076347F /* Default.png in Resources */ = {isa = PBXBuildFile; fileRef = B64E236D1814AEBD0076347F /* Default.png */; };
		B64E23701814AEBD0076347F /* Default@2x.png in Resources */ = {isa = PBXBuildFile; fileRef = B64E236F1814AEBD0076347F /* Default@2x.png */; };
		B64E23721814AEBD0076347F /* Default-568h@2x.png in Resources */ = {isa = PBXBuildFile; fileRef = B64E23711814AEBD0076347F /* Default-568h@2x.png */; };
		B64E23741814AEBD0076347F /* fps_images.png in Resources */ = {isa = PBXBuildFile; fileRef = B64E23731814AEBD0076347F /* fps_images.png */; };
		B64E23761814AEBD0076347F /* Icon-72.png in Resources */ = {isa = PBXBuildFile; fileRef = B64E23751814AEBD0076347F /* Icon-72.png */; };
		B64E23781814AEBD0076347F /* Icon-Small-50.png in Resources */ = {isa = PBXBuildFile; fileRef = B64E23771814AEBD0076347F /* Icon-Small-50.png */; };
		B64E237A1814AEBD0076347F /* Icon-Small.png in Resources */ = {isa = PBXBuildFile; fileRef = B64E23791814AEBD0076347F /* Icon-Small.png */; };
		B64E237C1814AEBD0076347F /* Icon-Small@2x.png in Resources */ = {isa = PBXBuildFile; fileRef = B64E237B1814AEBD0076347F /* Icon-Small@2x.png */; };
		B64E237E1814AEBD0076347F /* Icon.png in Resources */ = {isa = PBXBuildFile; fileRef = B64E237D1814AEBD0076347F /* Icon.png */; };
		B64E23801814AEBD0076347F /* Icon@2x.png in Resources */ = {isa = PBXBuildFile; fileRef = B64E237F1814AEBD0076347F /* Icon@2x.png */; };
		B64E23831814AEBD0076347F /* iTunesArtwork in Resources */ = {isa = PBXBuildFile; fileRef = B64E23821814AEBD0076347F /* iTunesArtwork */; };
		B64E23881814AEBD0076347F /* CCAction.m in Sources */ = {isa = PBXBuildFile; fileRef = B64E23871814AEBD0076347F /* CCAction.m */; };
		B64E238B1814AEBD0076347F /* CCActionCamera.m in Sources */ = {isa = PBXBuildFile; fileRef = B64E238A1814AEBD0076347F /* CCActionCamera.m */; };
		B64E238E1814AEBD0076347F /* CCActionEase.m in Sources */ = {isa = PBXBuildFile; fileRef = B64E238D1814AEBD0076347F /* CCActionEase.m */; };
		B64E23911814AEBD0076347F /* CCActionGrid.m in Sources */ = {isa = PBXBuildFile; fileRef = B64E23901814AEBD0076347F /* CCActionGrid.m */; };
		B64E23941814AEBD0076347F /* CCActionGrid3D.m in Sources */ = {isa = PBXBuildFile; fileRef = B64E23931814AEBD0076347F /* CCActionGrid3D.m */; };
		B64E23971814AEBD0076347F /* CCActionInstant.m in Sources */ = {isa = PBXBuildFile; fileRef = B64E23961814AEBD0076347F /* CCActionInstant.m */; };
		B64E239A1814AEBD0076347F /* CCActionInterval.m in Sources */ = {isa = PBXBuildFile; fileRef = B64E23991814AEBD0076347F /* CCActionInterval.m */; };
		B64E239D1814AEBD0076347F /* CCActionManager.m in Sources */ = {isa = PBXBuildFile; fileRef = B64E239C1814AEBD0076347F /* CCActionManager.m */; };
		B64E23A01814AEBD0076347F /* CCActionPageTurn3D.m in Sources */ = {isa = PBXBuildFile; fileRef = B64E239F1814AEBD0076347F /* CCActionPageTurn3D.m */; };
		B64E23A31814AEBD0076347F /* CCActionProgressTimer.m in Sources */ = {isa = PBXBuildFile; fileRef = B64E23A21814AEBD0076347F /* CCActionProgressTimer.m */; };
		B64E23A61814AEBD0076347F /* CCActionTiledGrid.m in Sources */ = {isa = PBXBuildFile; fileRef = B64E23A51814AEBD0076347F /* CCActionTiledGrid.m */; };
		B64E23A91814AEBD0076347F /* CCActionTween.m in Sources */ = {isa = PBXBuildFile; fileRef = B64E23A81814AEBD0076347F /* CCActionTween.m */; };
		B64E23AC1814AEBD0076347F /* CCAnimation.m in Sources */ = {isa = PBXBuildFile; fileRef = B64E23AB1814AEBD0076347F /* CCAnimation.m */; };
		B64E23AF1814AEBD0076347F /* CCAnimationCache.m in Sources */ = {isa = PBXBuildFile; fileRef = B64E23AE1814AEBD0076347F /* CCAnimationCache.m */; };
		B64E23B21814AEBD0076347F /* CCAtlasNode.m in Sources */ = {isa = PBXBuildFile; fileRef = B64E23B11814AEBD0076347F /* CCAtlasNode.m */; };
		B64E23B51814AEBD0076347F /* CCBlockSupport.m in Sources */ = {isa = PBXBuildFile; fileRef = B64E23B41814AEBD0076347F /* CCBlockSupport.m */; };
		B64E23B81814AEBD0076347F /* CCCamera.m in Sources */ = {isa = PBXBuildFile; fileRef = B64E23B71814AEBD0076347F /* CCCamera.m */; };
		B64E23BC1814AEBD0076347F /* CCConfiguration.m in Sources */ = {isa = PBXBuildFile; fileRef = B64E23BB1814AEBD0076347F /* CCConfiguration.m */; };
		B64E23BF1814AEBD0076347F /* CCDirector.m in Sources */ = {isa = PBXBuildFile; fileRef = B64E23BE1814AEBD0076347F /* CCDirector.m */; };
		B64E23C21814AEBD0076347F /* CCDrawingPrimitives.m in Sources */ = {isa = PBXBuildFile; fileRef = B64E23C11814AEBD0076347F /* CCDrawingPrimitives.m */; };
		B64E23C51814AEBD0076347F /* CCDrawNode.m in Sources */ = {isa = PBXBuildFile; fileRef = B64E23C41814AEBD0076347F /* CCDrawNode.m */; };
		B64E23C81814AEBD0076347F /* CCGrabber.m in Sources */ = {isa = PBXBuildFile; fileRef = B64E23C71814AEBD0076347F /* CCGrabber.m */; };
		B64E23CB1814AEBD0076347F /* CCGrid.m in Sources */ = {isa = PBXBuildFile; fileRef = B64E23CA1814AEBD0076347F /* CCGrid.m */; };
		B64E23CE1814AEBD0076347F /* CCLabelAtlas.m in Sources */ = {isa = PBXBuildFile; fileRef = B64E23CD1814AEBD0076347F /* CCLabelAtlas.m */; };
		B64E23D11814AEBD0076347F /* CCLabelBMFont.m in Sources */ = {isa = PBXBuildFile; fileRef = B64E23D01814AEBD0076347F /* CCLabelBMFont.m */; };
		B64E23D41814AEBD0076347F /* CCLabelTTF.m in Sources */ = {isa = PBXBuildFile; fileRef = B64E23D31814AEBD0076347F /* CCLabelTTF.m */; };
		B64E23D71814AEBD0076347F /* CCLayer.m in Sources */ = {isa = PBXBuildFile; fileRef = B64E23D61814AEBD0076347F /* CCLayer.m */; };
		B64E23DB1814AEBD0076347F /* CCMenu.m in Sources */ = {isa = PBXBuildFile; fileRef = B64E23DA1814AEBD0076347F /* CCMenu.m */; };
		B64E23DE1814AEBE0076347F /* CCMenuItem.m in Sources */ = {isa = PBXBuildFile; fileRef = B64E23DD1814AEBE0076347F /* CCMenuItem.m */; };
		B64E23E11814AEBE0076347F /* CCMotionStreak.m in Sources */ = {isa = PBXBuildFile; fileRef = B64E23E01814AEBE0076347F /* CCMotionStreak.m */; };
		B64E23E41814AEBE0076347F /* CCNode.m in Sources */ = {isa = PBXBuildFile; fileRef = B64E23E31814AEBE0076347F /* CCNode.m */; };
		B64E23E71814AEBE0076347F /* CCParallaxNode.m in Sources */ = {isa = PBXBuildFile; fileRef = B64E23E61814AEBE0076347F /* CCParallaxNode.m */; };
		B64E23EA1814AEBE0076347F /* CCParticleBatchNode.m in Sources */ = {isa = PBXBuildFile; fileRef = B64E23E91814AEBE0076347F /* CCParticleBatchNode.m */; };
		B64E23ED1814AEBE0076347F /* CCParticleExamples.m in Sources */ = {isa = PBXBuildFile; fileRef = B64E23EC1814AEBE0076347F /* CCParticleExamples.m */; };
		B64E23F01814AEBE0076347F /* CCParticleSystem.m in Sources */ = {isa = PBXBuildFile; fileRef = B64E23EF1814AEBE0076347F /* CCParticleSystem.m */; };
		B64E23F31814AEBE0076347F /* CCParticleSystemPoint.m in Sources */ = {isa = PBXBuildFile; fileRef = B64E23F21814AEBE0076347F /* CCParticleSystemPoint.m */; };
		B64E23F61814AEBE0076347F /* CCParticleSystemQuad.m in Sources */ = {isa = PBXBuildFile; fileRef = B64E23F51814AEBE0076347F /* CCParticleSystemQuad.m */; };
		B64E23F91814AEBE0076347F /* CCPhysicsDebugNode.m in Sources */ = {isa = PBXBuildFile; fileRef = B64E23F81814AEBE0076347F /* CCPhysicsDebugNode.m */; };
		B64E23FC1814AEBE0076347F /* CCPhysicsSprite.mm in Sources */ = {isa = PBXBuildFile; fileRef = B64E23FB1814AEBE0076347F /* CCPhysicsSprite.mm */; };
		B64E23FF1814AEBE0076347F /* CCProgressTimer.m in Sources */ = {isa = PBXBuildFile; fileRef = B64E23FE1814AEBE0076347F /* CCProgressTimer.m */; };
		B64E24031814AEBE0076347F /* CCRenderTexture.m in Sources */ = {isa = PBXBuildFile; fileRef = B64E24021814AEBE0076347F /* CCRenderTexture.m */; };
		B64E24061814AEBE0076347F /* CCRibbon.m in Sources */ = {isa = PBXBuildFile; fileRef = B64E24051814AEBE0076347F /* CCRibbon.m */; };
		B64E24091814AEBE0076347F /* CCScene.m in Sources */ = {isa = PBXBuildFile; fileRef = B64E24081814AEBE0076347F /* CCScene.m */; };
		B64E240C1814AEBE0076347F /* CCScheduler.m in Sources */ = {isa = PBXBuildFile; fileRef = B64E240B1814AEBE0076347F /* CCScheduler.m */; };
		B64E240F1814AEBE0076347F /* CCSprite.m in Sources */ = {isa = PBXBuildFile; fileRef = B64E240E1814AEBE0076347F /* CCSprite.m */; };
		B64E24121814AEBE0076347F /* CCSpriteBatchNode.m in Sources */ = {isa = PBXBuildFile; fileRef = B64E24111814AEBE0076347F /* CCSpriteBatchNode.m */; };
		B64E24151814AEBE0076347F /* CCSpriteFrame.m in Sources */ = {isa = PBXBuildFile; fileRef = B64E24141814AEBE0076347F /* CCSpriteFrame.m */; };
		B64E24181814AEBE0076347F /* CCSpriteFrameCache.m in Sources */ = {isa = PBXBuildFile; fileRef = B64E24171814AEBE0076347F /* CCSpriteFrameCache.m */; };
		B64E241B1814AEBE0076347F /* CCTexture2D.m in Sources */ = {isa = PBXBuildFile; fileRef = B64E241A1814AEBE0076347F /* CCTexture2D.m */; };
		B64E241E1814AEBE0076347F /* CCTextureAtlas.m in Sources */ = {isa = PBXBuildFile; fileRef = B64E241D1814AEBE0076347F /* CCTextureAtlas.m */; };
		B64E24211814AEBE0076347F /* CCTextureCache.m in Sources */ = {isa = PBXBuildFile; fileRef = B64E24201814AEBE0076347F /* CCTextureCache.m */; };
		B64E24241814AEBE0076347F /* CCTexturePVR.m in Sources */ = {isa = PBXBuildFile; fileRef = B64E24231814AEBE0076347F /* CCTexturePVR.m */; };
		B64E24271814AEBE0076347F /* CCTileMapAtlas.m in Sources */ = {isa = PBXBuildFile; fileRef = B64E24261814AEBE0076347F /* CCTileMapAtlas.m */; };
		B64E242A1814AEBE0076347F /* CCTMXLayer.m in Sources */ = {isa = PBXBuildFile; fileRef = B64E24291814AEBE0076347F /* CCTMXLayer.m */; };
		B64E242D1814AEBE0076347F /* CCTMXObjectGroup.m in Sources */ = {isa = PBXBuildFile; fileRef = B64E242C1814AEBE0076347F /* CCTMXObjectGroup.m */; };
		B64E24301814AEBE0076347F /* CCTMXTiledMap.m in Sources */ = {isa = PBXBuildFile; fileRef = B64E242F1814AEBE0076347F /* CCTMXTiledMap.m */; };
		B64E24331814AEBE0076347F /* CCTMXXMLParser.m in Sources */ = {isa = PBXBuildFile; fileRef = B64E24321814AEBE0076347F /* CCTMXXMLParser.m */; };
		B64E24361814AEBE0076347F /* CCTransition.m in Sources */ = {isa = PBXBuildFile; fileRef = B64E24351814AEBE0076347F /* CCTransition.m */; };
		B64E24391814AEBE0076347F /* CCTransitionPageTurn.m in Sources */ = {isa = PBXBuildFile; fileRef = B64E24381814AEBE0076347F /* CCTransitionPageTurn.m */; };
		B64E243C1814AEBE0076347F /* CCTransitionRadial.m in Sources */ = {isa = PBXBuildFile; fileRef = B64E243B1814AEBE0076347F /* CCTransitionRadial.m */; };
		B64E24401814AEBE0076347F /* cocos2d.m in Sources */ = {isa = PBXBuildFile; fileRef = B64E243F1814AEBE0076347F /* cocos2d.m */; };
		B64E24471814AEBE0076347F /* CCDirectorIOS.m in Sources */ = {isa = PBXBuildFile; fileRef = B64E24461814AEBE0076347F /* CCDirectorIOS.m */; };
		B64E244B1814AEBE0076347F /* CCTouchDispatcher.m in Sources */ = {isa = PBXBuildFile; fileRef = B64E244A1814AEBE0076347F /* CCTouchDispatcher.m */; };
		B64E244E1814AEBE0076347F /* CCTouchHandler.m in Sources */ = {isa = PBXBuildFile; fileRef = B64E244D1814AEBE0076347F /* CCTouchHandler.m */; };
		B64E24511814AEBE0076347F /* EAGLView.m in Sources */ = {isa = PBXBuildFile; fileRef = B64E24501814AEBE0076347F /* EAGLView.m */; };
		B64E24541814AEBE0076347F /* ES1Renderer.m in Sources */ = {isa = PBXBuildFile; fileRef = B64E24531814AEBE0076347F /* ES1Renderer.m */; };
		B64E24571814AEBE0076347F /* glu.c in Sources */ = {isa = PBXBuildFile; fileRef = B64E24561814AEBE0076347F /* glu.c */; };
		B64E245C1814AEBE0076347F /* CCDirectorMac.m in Sources */ = {isa = PBXBuildFile; fileRef = B64E245B1814AEBE0076347F /* CCDirectorMac.m */; };
		B64E245F1814AEBE0076347F /* CCEventDispatcher.m in Sources */ = {isa = PBXBuildFile; fileRef = B64E245E1814AEBE0076347F /* CCEventDispatcher.m */; };
		B64E24621814AEBE0076347F /* MacGLView.m in Sources */ = {isa = PBXBuildFile; fileRef = B64E24611814AEBE0076347F /* MacGLView.m */; };
		B64E24651814AEBF0076347F /* MacWindow.m in Sources */ = {isa = PBXBuildFile; fileRef = B64E24641814AEBF0076347F /* MacWindow.m */; };
		B64E24681814AEBF0076347F /* base64.c in Sources */ = {isa = PBXBuildFile; fileRef = B64E24671814AEBF0076347F /* base64.c */; };
		B64E246C1814AEBF0076347F /* CCArray.m in Sources */ = {isa = PBXBuildFile; fileRef = B64E246B1814AEBF0076347F /* CCArray.m */; };
		B64E24701814AEBF0076347F /* CCFileUtils.m in Sources */ = {isa = PBXBuildFile; fileRef = B64E246F1814AEBF0076347F /* CCFileUtils.m */; };
		B64E24731814AEBF0076347F /* CCProfiling.m in Sources */ = {isa = PBXBuildFile; fileRef = B64E24721814AEBF0076347F /* CCProfiling.m */; };
		B64E24751814AEBF0076347F /* ccUtils.c in Sources */ = {isa = PBXBuildFile; fileRef = B64E24741814AEBF0076347F /* ccUtils.c */; };
		B64E24791814AEBF0076347F /* CGPointExtension.m in Sources */ = {isa = PBXBuildFile; fileRef = B64E24781814AEBF0076347F /* CGPointExtension.m */; };
		B64E247D1814AEBF0076347F /* TGAlib.m in Sources */ = {isa = PBXBuildFile; fileRef = B64E247C1814AEBF0076347F /* TGAlib.m */; };
		B64E24801814AEBF0076347F /* TransformUtils.m in Sources */ = {isa = PBXBuildFile; fileRef = B64E247F1814AEBF0076347F /* TransformUtils.m */; };
		B64E24851814AEBF0076347F /* ZipUtils.m in Sources */ = {isa = PBXBuildFile; fileRef = B64E24841814AEBF0076347F /* ZipUtils.m */; };
		B64E248A1814AEBF0076347F /* CDAudioManager.m in Sources */ = {isa = PBXBuildFile; fileRef = B64E24891814AEBF0076347F /* CDAudioManager.m */; };
		B64E248E1814AEBF0076347F /* CDOpenALSupport.m in Sources */ = {isa = PBXBuildFile; fileRef = B64E248D1814AEBF0076347F /* CDOpenALSupport.m */; };
		B64E24911814AEBF0076347F /* CocosDenshion.m in Sources */ = {isa = PBXBuildFile; fileRef = B64E24901814AEBF0076347F /* CocosDenshion.m */; };
		B64E24941814AEBF0076347F /* SimpleAudioEngine.m in Sources */ = {isa = PBXBuildFile; fileRef = B64E24931814AEBF0076347F /* SimpleAudioEngine.m */; };
		B64E24991814AEBF0076347F /* FontLabel.m in Sources */ = {isa = PBXBuildFile; fileRef = B64E24981814AEBF0076347F /* FontLabel.m */; };
		B64E249C1814AEBF0076347F /* FontLabelStringDrawing.m in Sources */ = {isa = PBXBuildFile; fileRef = B64E249B1814AEBF0076347F /* FontLabelStringDrawing.m */; };
		B64E249F1814AEBF0076347F /* FontManager.m in Sources */ = {isa = PBXBuildFile; fileRef = B64E249E1814AEBF0076347F /* FontManager.m */; };
		B64E24A21814AEBF0076347F /* ZAttributedString.m in Sources */ = {isa = PBXBuildFile; fileRef = B64E24A11814AEBF0076347F /* ZAttributedString.m */; };
		B64E24A61814AEBF0076347F /* ZFont.m in Sources */ = {isa = PBXBuildFile; fileRef = B64E24A51814AEBF0076347F /* ZFont.m */; };
		B64E24AB1814AEBF0076347F /* main.m in Sources */ = {isa = PBXBuildFile; fileRef = B64E24AA1814AEBF0076347F /* main.m */; };
		B64E24AE1814AEBF0076347F /* AppDelegate.m in Sources */ = {isa = PBXBuildFile; fileRef = B64E24AD1814AEBF0076347F /* AppDelegate.m */; };
		B64E24B11814AEBF0076347F /* RootViewController.m in Sources */ = {isa = PBXBuildFile; fileRef = B64E24B01814AEBF0076347F /* RootViewController.m */; };
		B64E24B41814AEBF0076347F /* HelloWorldLayer.m in Sources */ = {isa = PBXBuildFile; fileRef = B64E24B31814AEBF0076347F /* HelloWorldLayer.m */; };
/* End PBXBuildFile section */

/* Begin PBXFileReference section */
		B64E23581814AEBD0076347F /* Bomb!.app */ = {isa = PBXFileReference; explicitFileType = wrapper.application; includeInIndex = 0; path = "Bomb!.app"; sourceTree = BUILT_PRODUCTS_DIR; };
		B64E235B1814AEBD0076347F /* QuartzCore.framework */ = {isa = PBXFileReference; lastKnownFileType = wrapper.framework; name = QuartzCore.framework; path = System/Library/Frameworks/QuartzCore.framework; sourceTree = SDKROOT; };
		B64E235D1814AEBD0076347F /* OpenGLES.framework */ = {isa = PBXFileReference; lastKnownFileType = wrapper.framework; name = OpenGLES.framework; path = System/Library/Frameworks/OpenGLES.framework; sourceTree = SDKROOT; };
		B64E235F1814AEBD0076347F /* OpenAL.framework */ = {isa = PBXFileReference; lastKnownFileType = wrapper.framework; name = OpenAL.framework; path = System/Library/Frameworks/OpenAL.framework; sourceTree = SDKROOT; };
		B64E23611814AEBD0076347F /* AudioToolbox.framework */ = {isa = PBXFileReference; lastKnownFileType = wrapper.framework; name = AudioToolbox.framework; path = System/Library/Frameworks/AudioToolbox.framework; sourceTree = SDKROOT; };
		B64E23631814AEBD0076347F /* AVFoundation.framework */ = {isa = PBXFileReference; lastKnownFileType = wrapper.framework; name = AVFoundation.framework; path = System/Library/Frameworks/AVFoundation.framework; sourceTree = SDKROOT; };
		B64E23651814AEBD0076347F /* UIKit.framework */ = {isa = PBXFileReference; lastKnownFileType = wrapper.framework; name = UIKit.framework; path = System/Library/Frameworks/UIKit.framework; sourceTree = SDKROOT; };
		B64E23671814AEBD0076347F /* Foundation.framework */ = {isa = PBXFileReference; lastKnownFileType = wrapper.framework; name = Foundation.framework; path = System/Library/Frameworks/Foundation.framework; sourceTree = SDKROOT; };
		B64E23691814AEBD0076347F /* CoreGraphics.framework */ = {isa = PBXFileReference; lastKnownFileType = wrapper.framework; name = CoreGraphics.framework; path = System/Library/Frameworks/CoreGraphics.framework; sourceTree = SDKROOT; };
		B64E236D1814AEBD0076347F /* Default.png */ = {isa = PBXFileReference; lastKnownFileType = image.png; name = Default.png; path = Resources/Default.png; sourceTree = "<group>"; };
		B64E236F1814AEBD0076347F /* Default@2x.png */ = {isa = PBXFileReference; lastKnownFileType = image.png; name = "Default@2x.png"; path = "Resources/Default@2x.png"; sourceTree = "<group>"; };
		B64E23711814AEBD0076347F /* Default-568h@2x.png */ = {isa = PBXFileReference; lastKnownFileType = image.png; name = "Default-568h@2x.png"; path = "Resources/Default-568h@2x.png"; sourceTree = "<group>"; };
		B64E23731814AEBD0076347F /* fps_images.png */ = {isa = PBXFileReference; lastKnownFileType = image.png; name = fps_images.png; path = Resources/fps_images.png; sourceTree = "<group>"; };
		B64E23751814AEBD0076347F /* Icon-72.png */ = {isa = PBXFileReference; lastKnownFileType = image.png; name = "Icon-72.png"; path = "Resources/Icon-72.png"; sourceTree = "<group>"; };
		B64E23771814AEBD0076347F /* Icon-Small-50.png */ = {isa = PBXFileReference; lastKnownFileType = image.png; name = "Icon-Small-50.png"; path = "Resources/Icon-Small-50.png"; sourceTree = "<group>"; };
		B64E23791814AEBD0076347F /* Icon-Small.png */ = {isa = PBXFileReference; lastKnownFileType = image.png; name = "Icon-Small.png"; path = "Resources/Icon-Small.png"; sourceTree = "<group>"; };
		B64E237B1814AEBD0076347F /* Icon-Small@2x.png */ = {isa = PBXFileReference; lastKnownFileType = image.png; name = "Icon-Small@2x.png"; path = "Resources/Icon-Small@2x.png"; sourceTree = "<group>"; };
		B64E237D1814AEBD0076347F /* Icon.png */ = {isa = PBXFileReference; lastKnownFileType = image.png; name = Icon.png; path = Resources/Icon.png; sourceTree = "<group>"; };
		B64E237F1814AEBD0076347F /* Icon@2x.png */ = {isa = PBXFileReference; lastKnownFileType = image.png; name = "Icon@2x.png"; path = "Resources/Icon@2x.png"; sourceTree = "<group>"; };
		B64E23811814AEBD0076347F /* Info.plist */ = {isa = PBXFileReference; lastKnownFileType = text.plist.xml; name = Info.plist; path = Resources/Info.plist; sourceTree = "<group>"; };
		B64E23821814AEBD0076347F /* iTunesArtwork */ = {isa = PBXFileReference; lastKnownFileType = file; name = iTunesArtwork; path = Resources/iTunesArtwork; sourceTree = "<group>"; };
		B64E23861814AEBD0076347F /* CCAction.h */ = {isa = PBXFileReference; lastKnownFileType = sourcecode.c.h; name = CCAction.h; path = libs/cocos2d/CCAction.h; sourceTree = "<group>"; };
		B64E23871814AEBD0076347F /* CCAction.m */ = {isa = PBXFileReference; lastKnownFileType = sourcecode.c.objc; name = CCAction.m; path = libs/cocos2d/CCAction.m; sourceTree = "<group>"; };
		B64E23891814AEBD0076347F /* CCActionCamera.h */ = {isa = PBXFileReference; lastKnownFileType = sourcecode.c.h; name = CCActionCamera.h; path = libs/cocos2d/CCActionCamera.h; sourceTree = "<group>"; };
		B64E238A1814AEBD0076347F /* CCActionCamera.m */ = {isa = PBXFileReference; lastKnownFileType = sourcecode.c.objc; name = CCActionCamera.m; path = libs/cocos2d/CCActionCamera.m; sourceTree = "<group>"; };
		B64E238C1814AEBD0076347F /* CCActionEase.h */ = {isa = PBXFileReference; lastKnownFileType = sourcecode.c.h; name = CCActionEase.h; path = libs/cocos2d/CCActionEase.h; sourceTree = "<group>"; };
		B64E238D1814AEBD0076347F /* CCActionEase.m */ = {isa = PBXFileReference; lastKnownFileType = sourcecode.c.objc; name = CCActionEase.m; path = libs/cocos2d/CCActionEase.m; sourceTree = "<group>"; };
		B64E238F1814AEBD0076347F /* CCActionGrid.h */ = {isa = PBXFileReference; lastKnownFileType = sourcecode.c.h; name = CCActionGrid.h; path = libs/cocos2d/CCActionGrid.h; sourceTree = "<group>"; };
		B64E23901814AEBD0076347F /* CCActionGrid.m */ = {isa = PBXFileReference; lastKnownFileType = sourcecode.c.objc; name = CCActionGrid.m; path = libs/cocos2d/CCActionGrid.m; sourceTree = "<group>"; };
		B64E23921814AEBD0076347F /* CCActionGrid3D.h */ = {isa = PBXFileReference; lastKnownFileType = sourcecode.c.h; name = CCActionGrid3D.h; path = libs/cocos2d/CCActionGrid3D.h; sourceTree = "<group>"; };
		B64E23931814AEBD0076347F /* CCActionGrid3D.m */ = {isa = PBXFileReference; lastKnownFileType = sourcecode.c.objc; name = CCActionGrid3D.m; path = libs/cocos2d/CCActionGrid3D.m; sourceTree = "<group>"; };
		B64E23951814AEBD0076347F /* CCActionInstant.h */ = {isa = PBXFileReference; lastKnownFileType = sourcecode.c.h; name = CCActionInstant.h; path = libs/cocos2d/CCActionInstant.h; sourceTree = "<group>"; };
		B64E23961814AEBD0076347F /* CCActionInstant.m */ = {isa = PBXFileReference; lastKnownFileType = sourcecode.c.objc; name = CCActionInstant.m; path = libs/cocos2d/CCActionInstant.m; sourceTree = "<group>"; };
		B64E23981814AEBD0076347F /* CCActionInterval.h */ = {isa = PBXFileReference; lastKnownFileType = sourcecode.c.h; name = CCActionInterval.h; path = libs/cocos2d/CCActionInterval.h; sourceTree = "<group>"; };
		B64E23991814AEBD0076347F /* CCActionInterval.m */ = {isa = PBXFileReference; lastKnownFileType = sourcecode.c.objc; name = CCActionInterval.m; path = libs/cocos2d/CCActionInterval.m; sourceTree = "<group>"; };
		B64E239B1814AEBD0076347F /* CCActionManager.h */ = {isa = PBXFileReference; lastKnownFileType = sourcecode.c.h; name = CCActionManager.h; path = libs/cocos2d/CCActionManager.h; sourceTree = "<group>"; };
		B64E239C1814AEBD0076347F /* CCActionManager.m */ = {isa = PBXFileReference; lastKnownFileType = sourcecode.c.objc; name = CCActionManager.m; path = libs/cocos2d/CCActionManager.m; sourceTree = "<group>"; };
		B64E239E1814AEBD0076347F /* CCActionPageTurn3D.h */ = {isa = PBXFileReference; lastKnownFileType = sourcecode.c.h; name = CCActionPageTurn3D.h; path = libs/cocos2d/CCActionPageTurn3D.h; sourceTree = "<group>"; };
		B64E239F1814AEBD0076347F /* CCActionPageTurn3D.m */ = {isa = PBXFileReference; lastKnownFileType = sourcecode.c.objc; name = CCActionPageTurn3D.m; path = libs/cocos2d/CCActionPageTurn3D.m; sourceTree = "<group>"; };
		B64E23A11814AEBD0076347F /* CCActionProgressTimer.h */ = {isa = PBXFileReference; lastKnownFileType = sourcecode.c.h; name = CCActionProgressTimer.h; path = libs/cocos2d/CCActionProgressTimer.h; sourceTree = "<group>"; };
		B64E23A21814AEBD0076347F /* CCActionProgressTimer.m */ = {isa = PBXFileReference; lastKnownFileType = sourcecode.c.objc; name = CCActionProgressTimer.m; path = libs/cocos2d/CCActionProgressTimer.m; sourceTree = "<group>"; };
		B64E23A41814AEBD0076347F /* CCActionTiledGrid.h */ = {isa = PBXFileReference; lastKnownFileType = sourcecode.c.h; name = CCActionTiledGrid.h; path = libs/cocos2d/CCActionTiledGrid.h; sourceTree = "<group>"; };
		B64E23A51814AEBD0076347F /* CCActionTiledGrid.m */ = {isa = PBXFileReference; lastKnownFileType = sourcecode.c.objc; name = CCActionTiledGrid.m; path = libs/cocos2d/CCActionTiledGrid.m; sourceTree = "<group>"; };
		B64E23A71814AEBD0076347F /* CCActionTween.h */ = {isa = PBXFileReference; lastKnownFileType = sourcecode.c.h; name = CCActionTween.h; path = libs/cocos2d/CCActionTween.h; sourceTree = "<group>"; };
		B64E23A81814AEBD0076347F /* CCActionTween.m */ = {isa = PBXFileReference; lastKnownFileType = sourcecode.c.objc; name = CCActionTween.m; path = libs/cocos2d/CCActionTween.m; sourceTree = "<group>"; };
		B64E23AA1814AEBD0076347F /* CCAnimation.h */ = {isa = PBXFileReference; lastKnownFileType = sourcecode.c.h; name = CCAnimation.h; path = libs/cocos2d/CCAnimation.h; sourceTree = "<group>"; };
		B64E23AB1814AEBD0076347F /* CCAnimation.m */ = {isa = PBXFileReference; lastKnownFileType = sourcecode.c.objc; name = CCAnimation.m; path = libs/cocos2d/CCAnimation.m; sourceTree = "<group>"; };
		B64E23AD1814AEBD0076347F /* CCAnimationCache.h */ = {isa = PBXFileReference; lastKnownFileType = sourcecode.c.h; name = CCAnimationCache.h; path = libs/cocos2d/CCAnimationCache.h; sourceTree = "<group>"; };
		B64E23AE1814AEBD0076347F /* CCAnimationCache.m */ = {isa = PBXFileReference; lastKnownFileType = sourcecode.c.objc; name = CCAnimationCache.m; path = libs/cocos2d/CCAnimationCache.m; sourceTree = "<group>"; };
		B64E23B01814AEBD0076347F /* CCAtlasNode.h */ = {isa = PBXFileReference; lastKnownFileType = sourcecode.c.h; name = CCAtlasNode.h; path = libs/cocos2d/CCAtlasNode.h; sourceTree = "<group>"; };
		B64E23B11814AEBD0076347F /* CCAtlasNode.m */ = {isa = PBXFileReference; lastKnownFileType = sourcecode.c.objc; name = CCAtlasNode.m; path = libs/cocos2d/CCAtlasNode.m; sourceTree = "<group>"; };
		B64E23B31814AEBD0076347F /* CCBlockSupport.h */ = {isa = PBXFileReference; lastKnownFileType = sourcecode.c.h; name = CCBlockSupport.h; path = libs/cocos2d/CCBlockSupport.h; sourceTree = "<group>"; };
		B64E23B41814AEBD0076347F /* CCBlockSupport.m */ = {isa = PBXFileReference; lastKnownFileType = sourcecode.c.objc; name = CCBlockSupport.m; path = libs/cocos2d/CCBlockSupport.m; sourceTree = "<group>"; };
		B64E23B61814AEBD0076347F /* CCCamera.h */ = {isa = PBXFileReference; lastKnownFileType = sourcecode.c.h; name = CCCamera.h; path = libs/cocos2d/CCCamera.h; sourceTree = "<group>"; };
		B64E23B71814AEBD0076347F /* CCCamera.m */ = {isa = PBXFileReference; lastKnownFileType = sourcecode.c.objc; name = CCCamera.m; path = libs/cocos2d/CCCamera.m; sourceTree = "<group>"; };
		B64E23B91814AEBD0076347F /* ccConfig.h */ = {isa = PBXFileReference; lastKnownFileType = sourcecode.c.h; name = ccConfig.h; path = libs/cocos2d/ccConfig.h; sourceTree = "<group>"; };
		B64E23BA1814AEBD0076347F /* CCConfiguration.h */ = {isa = PBXFileReference; lastKnownFileType = sourcecode.c.h; name = CCConfiguration.h; path = libs/cocos2d/CCConfiguration.h; sourceTree = "<group>"; };
		B64E23BB1814AEBD0076347F /* CCConfiguration.m */ = {isa = PBXFileReference; lastKnownFileType = sourcecode.c.objc; name = CCConfiguration.m; path = libs/cocos2d/CCConfiguration.m; sourceTree = "<group>"; };
		B64E23BD1814AEBD0076347F /* CCDirector.h */ = {isa = PBXFileReference; lastKnownFileType = sourcecode.c.h; name = CCDirector.h; path = libs/cocos2d/CCDirector.h; sourceTree = "<group>"; };
		B64E23BE1814AEBD0076347F /* CCDirector.m */ = {isa = PBXFileReference; lastKnownFileType = sourcecode.c.objc; name = CCDirector.m; path = libs/cocos2d/CCDirector.m; sourceTree = "<group>"; };
		B64E23C01814AEBD0076347F /* CCDrawingPrimitives.h */ = {isa = PBXFileReference; lastKnownFileType = sourcecode.c.h; name = CCDrawingPrimitives.h; path = libs/cocos2d/CCDrawingPrimitives.h; sourceTree = "<group>"; };
		B64E23C11814AEBD0076347F /* CCDrawingPrimitives.m */ = {isa = PBXFileReference; lastKnownFileType = sourcecode.c.objc; name = CCDrawingPrimitives.m; path = libs/cocos2d/CCDrawingPrimitives.m; sourceTree = "<group>"; };
		B64E23C31814AEBD0076347F /* CCDrawNode.h */ = {isa = PBXFileReference; lastKnownFileType = sourcecode.c.h; name = CCDrawNode.h; path = libs/cocos2d/CCDrawNode.h; sourceTree = "<group>"; };
		B64E23C41814AEBD0076347F /* CCDrawNode.m */ = {isa = PBXFileReference; lastKnownFileType = sourcecode.c.objc; name = CCDrawNode.m; path = libs/cocos2d/CCDrawNode.m; sourceTree = "<group>"; };
		B64E23C61814AEBD0076347F /* CCGrabber.h */ = {isa = PBXFileReference; lastKnownFileType = sourcecode.c.h; name = CCGrabber.h; path = libs/cocos2d/CCGrabber.h; sourceTree = "<group>"; };
		B64E23C71814AEBD0076347F /* CCGrabber.m */ = {isa = PBXFileReference; lastKnownFileType = sourcecode.c.objc; name = CCGrabber.m; path = libs/cocos2d/CCGrabber.m; sourceTree = "<group>"; };
		B64E23C91814AEBD0076347F /* CCGrid.h */ = {isa = PBXFileReference; lastKnownFileType = sourcecode.c.h; name = CCGrid.h; path = libs/cocos2d/CCGrid.h; sourceTree = "<group>"; };
		B64E23CA1814AEBD0076347F /* CCGrid.m */ = {isa = PBXFileReference; lastKnownFileType = sourcecode.c.objc; name = CCGrid.m; path = libs/cocos2d/CCGrid.m; sourceTree = "<group>"; };
		B64E23CC1814AEBD0076347F /* CCLabelAtlas.h */ = {isa = PBXFileReference; lastKnownFileType = sourcecode.c.h; name = CCLabelAtlas.h; path = libs/cocos2d/CCLabelAtlas.h; sourceTree = "<group>"; };
		B64E23CD1814AEBD0076347F /* CCLabelAtlas.m */ = {isa = PBXFileReference; lastKnownFileType = sourcecode.c.objc; name = CCLabelAtlas.m; path = libs/cocos2d/CCLabelAtlas.m; sourceTree = "<group>"; };
		B64E23CF1814AEBD0076347F /* CCLabelBMFont.h */ = {isa = PBXFileReference; lastKnownFileType = sourcecode.c.h; name = CCLabelBMFont.h; path = libs/cocos2d/CCLabelBMFont.h; sourceTree = "<group>"; };
		B64E23D01814AEBD0076347F /* CCLabelBMFont.m */ = {isa = PBXFileReference; lastKnownFileType = sourcecode.c.objc; name = CCLabelBMFont.m; path = libs/cocos2d/CCLabelBMFont.m; sourceTree = "<group>"; };
		B64E23D21814AEBD0076347F /* CCLabelTTF.h */ = {isa = PBXFileReference; lastKnownFileType = sourcecode.c.h; name = CCLabelTTF.h; path = libs/cocos2d/CCLabelTTF.h; sourceTree = "<group>"; };
		B64E23D31814AEBD0076347F /* CCLabelTTF.m */ = {isa = PBXFileReference; lastKnownFileType = sourcecode.c.objc; name = CCLabelTTF.m; path = libs/cocos2d/CCLabelTTF.m; sourceTree = "<group>"; };
		B64E23D51814AEBD0076347F /* CCLayer.h */ = {isa = PBXFileReference; lastKnownFileType = sourcecode.c.h; name = CCLayer.h; path = libs/cocos2d/CCLayer.h; sourceTree = "<group>"; };
		B64E23D61814AEBD0076347F /* CCLayer.m */ = {isa = PBXFileReference; lastKnownFileType = sourcecode.c.objc; name = CCLayer.m; path = libs/cocos2d/CCLayer.m; sourceTree = "<group>"; };
		B64E23D81814AEBD0076347F /* ccMacros.h */ = {isa = PBXFileReference; lastKnownFileType = sourcecode.c.h; name = ccMacros.h; path = libs/cocos2d/ccMacros.h; sourceTree = "<group>"; };
		B64E23D91814AEBD0076347F /* CCMenu.h */ = {isa = PBXFileReference; lastKnownFileType = sourcecode.c.h; name = CCMenu.h; path = libs/cocos2d/CCMenu.h; sourceTree = "<group>"; };
		B64E23DA1814AEBD0076347F /* CCMenu.m */ = {isa = PBXFileReference; lastKnownFileType = sourcecode.c.objc; name = CCMenu.m; path = libs/cocos2d/CCMenu.m; sourceTree = "<group>"; };
		B64E23DC1814AEBE0076347F /* CCMenuItem.h */ = {isa = PBXFileReference; lastKnownFileType = sourcecode.c.h; name = CCMenuItem.h; path = libs/cocos2d/CCMenuItem.h; sourceTree = "<group>"; };
		B64E23DD1814AEBE0076347F /* CCMenuItem.m */ = {isa = PBXFileReference; lastKnownFileType = sourcecode.c.objc; name = CCMenuItem.m; path = libs/cocos2d/CCMenuItem.m; sourceTree = "<group>"; };
		B64E23DF1814AEBE0076347F /* CCMotionStreak.h */ = {isa = PBXFileReference; lastKnownFileType = sourcecode.c.h; name = CCMotionStreak.h; path = libs/cocos2d/CCMotionStreak.h; sourceTree = "<group>"; };
		B64E23E01814AEBE0076347F /* CCMotionStreak.m */ = {isa = PBXFileReference; lastKnownFileType = sourcecode.c.objc; name = CCMotionStreak.m; path = libs/cocos2d/CCMotionStreak.m; sourceTree = "<group>"; };
		B64E23E21814AEBE0076347F /* CCNode.h */ = {isa = PBXFileReference; lastKnownFileType = sourcecode.c.h; name = CCNode.h; path = libs/cocos2d/CCNode.h; sourceTree = "<group>"; };
		B64E23E31814AEBE0076347F /* CCNode.m */ = {isa = PBXFileReference; lastKnownFileType = sourcecode.c.objc; name = CCNode.m; path = libs/cocos2d/CCNode.m; sourceTree = "<group>"; };
		B64E23E51814AEBE0076347F /* CCParallaxNode.h */ = {isa = PBXFileReference; lastKnownFileType = sourcecode.c.h; name = CCParallaxNode.h; path = libs/cocos2d/CCParallaxNode.h; sourceTree = "<group>"; };
		B64E23E61814AEBE0076347F /* CCParallaxNode.m */ = {isa = PBXFileReference; lastKnownFileType = sourcecode.c.objc; name = CCParallaxNode.m; path = libs/cocos2d/CCParallaxNode.m; sourceTree = "<group>"; };
		B64E23E81814AEBE0076347F /* CCParticleBatchNode.h */ = {isa = PBXFileReference; lastKnownFileType = sourcecode.c.h; name = CCParticleBatchNode.h; path = libs/cocos2d/CCParticleBatchNode.h; sourceTree = "<group>"; };
		B64E23E91814AEBE0076347F /* CCParticleBatchNode.m */ = {isa = PBXFileReference; lastKnownFileType = sourcecode.c.objc; name = CCParticleBatchNode.m; path = libs/cocos2d/CCParticleBatchNode.m; sourceTree = "<group>"; };
		B64E23EB1814AEBE0076347F /* CCParticleExamples.h */ = {isa = PBXFileReference; lastKnownFileType = sourcecode.c.h; name = CCParticleExamples.h; path = libs/cocos2d/CCParticleExamples.h; sourceTree = "<group>"; };
		B64E23EC1814AEBE0076347F /* CCParticleExamples.m */ = {isa = PBXFileReference; lastKnownFileType = sourcecode.c.objc; name = CCParticleExamples.m; path = libs/cocos2d/CCParticleExamples.m; sourceTree = "<group>"; };
		B64E23EE1814AEBE0076347F /* CCParticleSystem.h */ = {isa = PBXFileReference; lastKnownFileType = sourcecode.c.h; name = CCParticleSystem.h; path = libs/cocos2d/CCParticleSystem.h; sourceTree = "<group>"; };
		B64E23EF1814AEBE0076347F /* CCParticleSystem.m */ = {isa = PBXFileReference; lastKnownFileType = sourcecode.c.objc; name = CCParticleSystem.m; path = libs/cocos2d/CCParticleSystem.m; sourceTree = "<group>"; };
		B64E23F11814AEBE0076347F /* CCParticleSystemPoint.h */ = {isa = PBXFileReference; lastKnownFileType = sourcecode.c.h; name = CCParticleSystemPoint.h; path = libs/cocos2d/CCParticleSystemPoint.h; sourceTree = "<group>"; };
		B64E23F21814AEBE0076347F /* CCParticleSystemPoint.m */ = {isa = PBXFileReference; lastKnownFileType = sourcecode.c.objc; name = CCParticleSystemPoint.m; path = libs/cocos2d/CCParticleSystemPoint.m; sourceTree = "<group>"; };
		B64E23F41814AEBE0076347F /* CCParticleSystemQuad.h */ = {isa = PBXFileReference; lastKnownFileType = sourcecode.c.h; name = CCParticleSystemQuad.h; path = libs/cocos2d/CCParticleSystemQuad.h; sourceTree = "<group>"; };
		B64E23F51814AEBE0076347F /* CCParticleSystemQuad.m */ = {isa = PBXFileReference; lastKnownFileType = sourcecode.c.objc; name = CCParticleSystemQuad.m; path = libs/cocos2d/CCParticleSystemQuad.m; sourceTree = "<group>"; };
		B64E23F71814AEBE0076347F /* CCPhysicsDebugNode.h */ = {isa = PBXFileReference; lastKnownFileType = sourcecode.c.h; name = CCPhysicsDebugNode.h; path = libs/cocos2d/CCPhysicsDebugNode.h; sourceTree = "<group>"; };
		B64E23F81814AEBE0076347F /* CCPhysicsDebugNode.m */ = {isa = PBXFileReference; lastKnownFileType = sourcecode.c.objc; name = CCPhysicsDebugNode.m; path = libs/cocos2d/CCPhysicsDebugNode.m; sourceTree = "<group>"; };
		B64E23FA1814AEBE0076347F /* CCPhysicsSprite.h */ = {isa = PBXFileReference; lastKnownFileType = sourcecode.c.h; name = CCPhysicsSprite.h; path = libs/cocos2d/CCPhysicsSprite.h; sourceTree = "<group>"; };
		B64E23FB1814AEBE0076347F /* CCPhysicsSprite.mm */ = {isa = PBXFileReference; lastKnownFileType = sourcecode.cpp.objcpp; name = CCPhysicsSprite.mm; path = libs/cocos2d/CCPhysicsSprite.mm; sourceTree = "<group>"; };
		B64E23FD1814AEBE0076347F /* CCProgressTimer.h */ = {isa = PBXFileReference; lastKnownFileType = sourcecode.c.h; name = CCProgressTimer.h; path = libs/cocos2d/CCProgressTimer.h; sourceTree = "<group>"; };
		B64E23FE1814AEBE0076347F /* CCProgressTimer.m */ = {isa = PBXFileReference; lastKnownFileType = sourcecode.c.objc; name = CCProgressTimer.m; path = libs/cocos2d/CCProgressTimer.m; sourceTree = "<group>"; };
		B64E24001814AEBE0076347F /* CCProtocols.h */ = {isa = PBXFileReference; lastKnownFileType = sourcecode.c.h; name = CCProtocols.h; path = libs/cocos2d/CCProtocols.h; sourceTree = "<group>"; };
		B64E24011814AEBE0076347F /* CCRenderTexture.h */ = {isa = PBXFileReference; lastKnownFileType = sourcecode.c.h; name = CCRenderTexture.h; path = libs/cocos2d/CCRenderTexture.h; sourceTree = "<group>"; };
		B64E24021814AEBE0076347F /* CCRenderTexture.m */ = {isa = PBXFileReference; lastKnownFileType = sourcecode.c.objc; name = CCRenderTexture.m; path = libs/cocos2d/CCRenderTexture.m; sourceTree = "<group>"; };
		B64E24041814AEBE0076347F /* CCRibbon.h */ = {isa = PBXFileReference; lastKnownFileType = sourcecode.c.h; name = CCRibbon.h; path = libs/cocos2d/CCRibbon.h; sourceTree = "<group>"; };
		B64E24051814AEBE0076347F /* CCRibbon.m */ = {isa = PBXFileReference; lastKnownFileType = sourcecode.c.objc; name = CCRibbon.m; path = libs/cocos2d/CCRibbon.m; sourceTree = "<group>"; };
		B64E24071814AEBE0076347F /* CCScene.h */ = {isa = PBXFileReference; lastKnownFileType = sourcecode.c.h; name = CCScene.h; path = libs/cocos2d/CCScene.h; sourceTree = "<group>"; };
		B64E24081814AEBE0076347F /* CCScene.m */ = {isa = PBXFileReference; lastKnownFileType = sourcecode.c.objc; name = CCScene.m; path = libs/cocos2d/CCScene.m; sourceTree = "<group>"; };
		B64E240A1814AEBE0076347F /* CCScheduler.h */ = {isa = PBXFileReference; lastKnownFileType = sourcecode.c.h; name = CCScheduler.h; path = libs/cocos2d/CCScheduler.h; sourceTree = "<group>"; };
		B64E240B1814AEBE0076347F /* CCScheduler.m */ = {isa = PBXFileReference; lastKnownFileType = sourcecode.c.objc; name = CCScheduler.m; path = libs/cocos2d/CCScheduler.m; sourceTree = "<group>"; };
		B64E240D1814AEBE0076347F /* CCSprite.h */ = {isa = PBXFileReference; lastKnownFileType = sourcecode.c.h; name = CCSprite.h; path = libs/cocos2d/CCSprite.h; sourceTree = "<group>"; };
		B64E240E1814AEBE0076347F /* CCSprite.m */ = {isa = PBXFileReference; lastKnownFileType = sourcecode.c.objc; name = CCSprite.m; path = libs/cocos2d/CCSprite.m; sourceTree = "<group>"; };
		B64E24101814AEBE0076347F /* CCSpriteBatchNode.h */ = {isa = PBXFileReference; lastKnownFileType = sourcecode.c.h; name = CCSpriteBatchNode.h; path = libs/cocos2d/CCSpriteBatchNode.h; sourceTree = "<group>"; };
		B64E24111814AEBE0076347F /* CCSpriteBatchNode.m */ = {isa = PBXFileReference; lastKnownFileType = sourcecode.c.objc; name = CCSpriteBatchNode.m; path = libs/cocos2d/CCSpriteBatchNode.m; sourceTree = "<group>"; };
		B64E24131814AEBE0076347F /* CCSpriteFrame.h */ = {isa = PBXFileReference; lastKnownFileType = sourcecode.c.h; name = CCSpriteFrame.h; path = libs/cocos2d/CCSpriteFrame.h; sourceTree = "<group>"; };
		B64E24141814AEBE0076347F /* CCSpriteFrame.m */ = {isa = PBXFileReference; lastKnownFileType = sourcecode.c.objc; name = CCSpriteFrame.m; path = libs/cocos2d/CCSpriteFrame.m; sourceTree = "<group>"; };
		B64E24161814AEBE0076347F /* CCSpriteFrameCache.h */ = {isa = PBXFileReference; lastKnownFileType = sourcecode.c.h; name = CCSpriteFrameCache.h; path = libs/cocos2d/CCSpriteFrameCache.h; sourceTree = "<group>"; };
		B64E24171814AEBE0076347F /* CCSpriteFrameCache.m */ = {isa = PBXFileReference; lastKnownFileType = sourcecode.c.objc; name = CCSpriteFrameCache.m; path = libs/cocos2d/CCSpriteFrameCache.m; sourceTree = "<group>"; };
		B64E24191814AEBE0076347F /* CCTexture2D.h */ = {isa = PBXFileReference; lastKnownFileType = sourcecode.c.h; name = CCTexture2D.h; path = libs/cocos2d/CCTexture2D.h; sourceTree = "<group>"; };
		B64E241A1814AEBE0076347F /* CCTexture2D.m */ = {isa = PBXFileReference; lastKnownFileType = sourcecode.c.objc; name = CCTexture2D.m; path = libs/cocos2d/CCTexture2D.m; sourceTree = "<group>"; };
		B64E241C1814AEBE0076347F /* CCTextureAtlas.h */ = {isa = PBXFileReference; lastKnownFileType = sourcecode.c.h; name = CCTextureAtlas.h; path = libs/cocos2d/CCTextureAtlas.h; sourceTree = "<group>"; };
		B64E241D1814AEBE0076347F /* CCTextureAtlas.m */ = {isa = PBXFileReference; lastKnownFileType = sourcecode.c.objc; name = CCTextureAtlas.m; path = libs/cocos2d/CCTextureAtlas.m; sourceTree = "<group>"; };
		B64E241F1814AEBE0076347F /* CCTextureCache.h */ = {isa = PBXFileReference; lastKnownFileType = sourcecode.c.h; name = CCTextureCache.h; path = libs/cocos2d/CCTextureCache.h; sourceTree = "<group>"; };
		B64E24201814AEBE0076347F /* CCTextureCache.m */ = {isa = PBXFileReference; lastKnownFileType = sourcecode.c.objc; name = CCTextureCache.m; path = libs/cocos2d/CCTextureCache.m; sourceTree = "<group>"; };
		B64E24221814AEBE0076347F /* CCTexturePVR.h */ = {isa = PBXFileReference; lastKnownFileType = sourcecode.c.h; name = CCTexturePVR.h; path = libs/cocos2d/CCTexturePVR.h; sourceTree = "<group>"; };
		B64E24231814AEBE0076347F /* CCTexturePVR.m */ = {isa = PBXFileReference; lastKnownFileType = sourcecode.c.objc; name = CCTexturePVR.m; path = libs/cocos2d/CCTexturePVR.m; sourceTree = "<group>"; };
		B64E24251814AEBE0076347F /* CCTileMapAtlas.h */ = {isa = PBXFileReference; lastKnownFileType = sourcecode.c.h; name = CCTileMapAtlas.h; path = libs/cocos2d/CCTileMapAtlas.h; sourceTree = "<group>"; };
		B64E24261814AEBE0076347F /* CCTileMapAtlas.m */ = {isa = PBXFileReference; lastKnownFileType = sourcecode.c.objc; name = CCTileMapAtlas.m; path = libs/cocos2d/CCTileMapAtlas.m; sourceTree = "<group>"; };
		B64E24281814AEBE0076347F /* CCTMXLayer.h */ = {isa = PBXFileReference; lastKnownFileType = sourcecode.c.h; name = CCTMXLayer.h; path = libs/cocos2d/CCTMXLayer.h; sourceTree = "<group>"; };
		B64E24291814AEBE0076347F /* CCTMXLayer.m */ = {isa = PBXFileReference; lastKnownFileType = sourcecode.c.objc; name = CCTMXLayer.m; path = libs/cocos2d/CCTMXLayer.m; sourceTree = "<group>"; };
		B64E242B1814AEBE0076347F /* CCTMXObjectGroup.h */ = {isa = PBXFileReference; lastKnownFileType = sourcecode.c.h; name = CCTMXObjectGroup.h; path = libs/cocos2d/CCTMXObjectGroup.h; sourceTree = "<group>"; };
		B64E242C1814AEBE0076347F /* CCTMXObjectGroup.m */ = {isa = PBXFileReference; lastKnownFileType = sourcecode.c.objc; name = CCTMXObjectGroup.m; path = libs/cocos2d/CCTMXObjectGroup.m; sourceTree = "<group>"; };
		B64E242E1814AEBE0076347F /* CCTMXTiledMap.h */ = {isa = PBXFileReference; lastKnownFileType = sourcecode.c.h; name = CCTMXTiledMap.h; path = libs/cocos2d/CCTMXTiledMap.h; sourceTree = "<group>"; };
		B64E242F1814AEBE0076347F /* CCTMXTiledMap.m */ = {isa = PBXFileReference; lastKnownFileType = sourcecode.c.objc; name = CCTMXTiledMap.m; path = libs/cocos2d/CCTMXTiledMap.m; sourceTree = "<group>"; };
		B64E24311814AEBE0076347F /* CCTMXXMLParser.h */ = {isa = PBXFileReference; lastKnownFileType = sourcecode.c.h; name = CCTMXXMLParser.h; path = libs/cocos2d/CCTMXXMLParser.h; sourceTree = "<group>"; };
		B64E24321814AEBE0076347F /* CCTMXXMLParser.m */ = {isa = PBXFileReference; lastKnownFileType = sourcecode.c.objc; name = CCTMXXMLParser.m; path = libs/cocos2d/CCTMXXMLParser.m; sourceTree = "<group>"; };
		B64E24341814AEBE0076347F /* CCTransition.h */ = {isa = PBXFileReference; lastKnownFileType = sourcecode.c.h; name = CCTransition.h; path = libs/cocos2d/CCTransition.h; sourceTree = "<group>"; };
		B64E24351814AEBE0076347F /* CCTransition.m */ = {isa = PBXFileReference; lastKnownFileType = sourcecode.c.objc; name = CCTransition.m; path = libs/cocos2d/CCTransition.m; sourceTree = "<group>"; };
		B64E24371814AEBE0076347F /* CCTransitionPageTurn.h */ = {isa = PBXFileReference; lastKnownFileType = sourcecode.c.h; name = CCTransitionPageTurn.h; path = libs/cocos2d/CCTransitionPageTurn.h; sourceTree = "<group>"; };
		B64E24381814AEBE0076347F /* CCTransitionPageTurn.m */ = {isa = PBXFileReference; lastKnownFileType = sourcecode.c.objc; name = CCTransitionPageTurn.m; path = libs/cocos2d/CCTransitionPageTurn.m; sourceTree = "<group>"; };
		B64E243A1814AEBE0076347F /* CCTransitionRadial.h */ = {isa = PBXFileReference; lastKnownFileType = sourcecode.c.h; name = CCTransitionRadial.h; path = libs/cocos2d/CCTransitionRadial.h; sourceTree = "<group>"; };
		B64E243B1814AEBE0076347F /* CCTransitionRadial.m */ = {isa = PBXFileReference; lastKnownFileType = sourcecode.c.objc; name = CCTransitionRadial.m; path = libs/cocos2d/CCTransitionRadial.m; sourceTree = "<group>"; };
		B64E243D1814AEBE0076347F /* ccTypes.h */ = {isa = PBXFileReference; lastKnownFileType = sourcecode.c.h; name = ccTypes.h; path = libs/cocos2d/ccTypes.h; sourceTree = "<group>"; };
		B64E243E1814AEBE0076347F /* cocos2d.h */ = {isa = PBXFileReference; lastKnownFileType = sourcecode.c.h; name = cocos2d.h; path = libs/cocos2d/cocos2d.h; sourceTree = "<group>"; };
		B64E243F1814AEBE0076347F /* cocos2d.m */ = {isa = PBXFileReference; lastKnownFileType = sourcecode.c.objc; name = cocos2d.m; path = libs/cocos2d/cocos2d.m; sourceTree = "<group>"; };
		B64E24421814AEBE0076347F /* CCGL.h */ = {isa = PBXFileReference; lastKnownFileType = sourcecode.c.h; name = CCGL.h; path = libs/cocos2d/Platforms/CCGL.h; sourceTree = "<group>"; };
		B64E24431814AEBE0076347F /* CCNS.h */ = {isa = PBXFileReference; lastKnownFileType = sourcecode.c.h; name = CCNS.h; path = libs/cocos2d/Platforms/CCNS.h; sourceTree = "<group>"; };
		B64E24451814AEBE0076347F /* CCDirectorIOS.h */ = {isa = PBXFileReference; lastKnownFileType = sourcecode.c.h; name = CCDirectorIOS.h; path = libs/cocos2d/Platforms/iOS/CCDirectorIOS.h; sourceTree = "<group>"; };
		B64E24461814AEBE0076347F /* CCDirectorIOS.m */ = {isa = PBXFileReference; lastKnownFileType = sourcecode.c.objc; name = CCDirectorIOS.m; path = libs/cocos2d/Platforms/iOS/CCDirectorIOS.m; sourceTree = "<group>"; };
		B64E24481814AEBE0076347F /* CCTouchDelegateProtocol.h */ = {isa = PBXFileReference; lastKnownFileType = sourcecode.c.h; name = CCTouchDelegateProtocol.h; path = libs/cocos2d/Platforms/iOS/CCTouchDelegateProtocol.h; sourceTree = "<group>"; };
		B64E24491814AEBE0076347F /* CCTouchDispatcher.h */ = {isa = PBXFileReference; lastKnownFileType = sourcecode.c.h; name = CCTouchDispatcher.h; path = libs/cocos2d/Platforms/iOS/CCTouchDispatcher.h; sourceTree = "<group>"; };
		B64E244A1814AEBE0076347F /* CCTouchDispatcher.m */ = {isa = PBXFileReference; lastKnownFileType = sourcecode.c.objc; name = CCTouchDispatcher.m; path = libs/cocos2d/Platforms/iOS/CCTouchDispatcher.m; sourceTree = "<group>"; };
		B64E244C1814AEBE0076347F /* CCTouchHandler.h */ = {isa = PBXFileReference; lastKnownFileType = sourcecode.c.h; name = CCTouchHandler.h; path = libs/cocos2d/Platforms/iOS/CCTouchHandler.h; sourceTree = "<group>"; };
		B64E244D1814AEBE0076347F /* CCTouchHandler.m */ = {isa = PBXFileReference; lastKnownFileType = sourcecode.c.objc; name = CCTouchHandler.m; path = libs/cocos2d/Platforms/iOS/CCTouchHandler.m; sourceTree = "<group>"; };
		B64E244F1814AEBE0076347F /* EAGLView.h */ = {isa = PBXFileReference; lastKnownFileType = sourcecode.c.h; name = EAGLView.h; path = libs/cocos2d/Platforms/iOS/EAGLView.h; sourceTree = "<group>"; };
		B64E24501814AEBE0076347F /* EAGLView.m */ = {isa = PBXFileReference; lastKnownFileType = sourcecode.c.objc; name = EAGLView.m; path = libs/cocos2d/Platforms/iOS/EAGLView.m; sourceTree = "<group>"; };
		B64E24521814AEBE0076347F /* ES1Renderer.h */ = {isa = PBXFileReference; lastKnownFileType = sourcecode.c.h; name = ES1Renderer.h; path = libs/cocos2d/Platforms/iOS/ES1Renderer.h; sourceTree = "<group>"; };
		B64E24531814AEBE0076347F /* ES1Renderer.m */ = {isa = PBXFileReference; lastKnownFileType = sourcecode.c.objc; name = ES1Renderer.m; path = libs/cocos2d/Platforms/iOS/ES1Renderer.m; sourceTree = "<group>"; };
		B64E24551814AEBE0076347F /* ESRenderer.h */ = {isa = PBXFileReference; lastKnownFileType = sourcecode.c.h; name = ESRenderer.h; path = libs/cocos2d/Platforms/iOS/ESRenderer.h; sourceTree = "<group>"; };
		B64E24561814AEBE0076347F /* glu.c */ = {isa = PBXFileReference; lastKnownFileType = sourcecode.c.c; name = glu.c; path = libs/cocos2d/Platforms/iOS/glu.c; sourceTree = "<group>"; };
		B64E24581814AEBE0076347F /* glu.h */ = {isa = PBXFileReference; lastKnownFileType = sourcecode.c.h; name = glu.h; path = libs/cocos2d/Platforms/iOS/glu.h; sourceTree = "<group>"; };
		B64E245A1814AEBE0076347F /* CCDirectorMac.h */ = {isa = PBXFileReference; lastKnownFileType = sourcecode.c.h; name = CCDirectorMac.h; path = libs/cocos2d/Platforms/Mac/CCDirectorMac.h; sourceTree = "<group>"; };
		B64E245B1814AEBE0076347F /* CCDirectorMac.m */ = {isa = PBXFileReference; lastKnownFileType = sourcecode.c.objc; name = CCDirectorMac.m; path = libs/cocos2d/Platforms/Mac/CCDirectorMac.m; sourceTree = "<group>"; };
		B64E245D1814AEBE0076347F /* CCEventDispatcher.h */ = {isa = PBXFileReference; lastKnownFileType = sourcecode.c.h; name = CCEventDispatcher.h; path = libs/cocos2d/Platforms/Mac/CCEventDispatcher.h; sourceTree = "<group>"; };
		B64E245E1814AEBE0076347F /* CCEventDispatcher.m */ = {isa = PBXFileReference; lastKnownFileType = sourcecode.c.objc; name = CCEventDispatcher.m; path = libs/cocos2d/Platforms/Mac/CCEventDispatcher.m; sourceTree = "<group>"; };
		B64E24601814AEBE0076347F /* MacGLView.h */ = {isa = PBXFileReference; lastKnownFileType = sourcecode.c.h; name = MacGLView.h; path = libs/cocos2d/Platforms/Mac/MacGLView.h; sourceTree = "<group>"; };
		B64E24611814AEBE0076347F /* MacGLView.m */ = {isa = PBXFileReference; lastKnownFileType = sourcecode.c.objc; name = MacGLView.m; path = libs/cocos2d/Platforms/Mac/MacGLView.m; sourceTree = "<group>"; };
		B64E24631814AEBF0076347F /* MacWindow.h */ = {isa = PBXFileReference; lastKnownFileType = sourcecode.c.h; name = MacWindow.h; path = libs/cocos2d/Platforms/Mac/MacWindow.h; sourceTree = "<group>"; };
		B64E24641814AEBF0076347F /* MacWindow.m */ = {isa = PBXFileReference; lastKnownFileType = sourcecode.c.objc; name = MacWindow.m; path = libs/cocos2d/Platforms/Mac/MacWindow.m; sourceTree = "<group>"; };
		B64E24671814AEBF0076347F /* base64.c */ = {isa = PBXFileReference; lastKnownFileType = sourcecode.c.c; name = base64.c; path = libs/cocos2d/Support/base64.c; sourceTree = "<group>"; };
		B64E24691814AEBF0076347F /* base64.h */ = {isa = PBXFileReference; lastKnownFileType = sourcecode.c.h; name = base64.h; path = libs/cocos2d/Support/base64.h; sourceTree = "<group>"; };
		B64E246A1814AEBF0076347F /* CCArray.h */ = {isa = PBXFileReference; lastKnownFileType = sourcecode.c.h; name = CCArray.h; path = libs/cocos2d/Support/CCArray.h; sourceTree = "<group>"; };
		B64E246B1814AEBF0076347F /* CCArray.m */ = {isa = PBXFileReference; lastKnownFileType = sourcecode.c.objc; name = CCArray.m; path = libs/cocos2d/Support/CCArray.m; sourceTree = "<group>"; };
		B64E246D1814AEBF0076347F /* ccCArray.h */ = {isa = PBXFileReference; lastKnownFileType = sourcecode.c.h; name = ccCArray.h; path = libs/cocos2d/Support/ccCArray.h; sourceTree = "<group>"; };
		B64E246E1814AEBF0076347F /* CCFileUtils.h */ = {isa = PBXFileReference; lastKnownFileType = sourcecode.c.h; name = CCFileUtils.h; path = libs/cocos2d/Support/CCFileUtils.h; sourceTree = "<group>"; };
		B64E246F1814AEBF0076347F /* CCFileUtils.m */ = {isa = PBXFileReference; lastKnownFileType = sourcecode.c.objc; name = CCFileUtils.m; path = libs/cocos2d/Support/CCFileUtils.m; sourceTree = "<group>"; };
		B64E24711814AEBF0076347F /* CCProfiling.h */ = {isa = PBXFileReference; lastKnownFileType = sourcecode.c.h; name = CCProfiling.h; path = libs/cocos2d/Support/CCProfiling.h; sourceTree = "<group>"; };
		B64E24721814AEBF0076347F /* CCProfiling.m */ = {isa = PBXFileReference; lastKnownFileType = sourcecode.c.objc; name = CCProfiling.m; path = libs/cocos2d/Support/CCProfiling.m; sourceTree = "<group>"; };
		B64E24741814AEBF0076347F /* ccUtils.c */ = {isa = PBXFileReference; lastKnownFileType = sourcecode.c.c; name = ccUtils.c; path = libs/cocos2d/Support/ccUtils.c; sourceTree = "<group>"; };
		B64E24761814AEBF0076347F /* ccUtils.h */ = {isa = PBXFileReference; lastKnownFileType = sourcecode.c.h; name = ccUtils.h; path = libs/cocos2d/Support/ccUtils.h; sourceTree = "<group>"; };
		B64E24771814AEBF0076347F /* CGPointExtension.h */ = {isa = PBXFileReference; lastKnownFileType = sourcecode.c.h; name = CGPointExtension.h; path = libs/cocos2d/Support/CGPointExtension.h; sourceTree = "<group>"; };
		B64E24781814AEBF0076347F /* CGPointExtension.m */ = {isa = PBXFileReference; lastKnownFileType = sourcecode.c.objc; name = CGPointExtension.m; path = libs/cocos2d/Support/CGPointExtension.m; sourceTree = "<group>"; };
		B64E247A1814AEBF0076347F /* OpenGL_Internal.h */ = {isa = PBXFileReference; lastKnownFileType = sourcecode.c.h; name = OpenGL_Internal.h; path = libs/cocos2d/Support/OpenGL_Internal.h; sourceTree = "<group>"; };
		B64E247B1814AEBF0076347F /* TGAlib.h */ = {isa = PBXFileReference; lastKnownFileType = sourcecode.c.h; name = TGAlib.h; path = libs/cocos2d/Support/TGAlib.h; sourceTree = "<group>"; };
		B64E247C1814AEBF0076347F /* TGAlib.m */ = {isa = PBXFileReference; lastKnownFileType = sourcecode.c.objc; name = TGAlib.m; path = libs/cocos2d/Support/TGAlib.m; sourceTree = "<group>"; };
		B64E247E1814AEBF0076347F /* TransformUtils.h */ = {isa = PBXFileReference; lastKnownFileType = sourcecode.c.h; name = TransformUtils.h; path = libs/cocos2d/Support/TransformUtils.h; sourceTree = "<group>"; };
		B64E247F1814AEBF0076347F /* TransformUtils.m */ = {isa = PBXFileReference; lastKnownFileType = sourcecode.c.objc; name = TransformUtils.m; path = libs/cocos2d/Support/TransformUtils.m; sourceTree = "<group>"; };
		B64E24811814AEBF0076347F /* uthash.h */ = {isa = PBXFileReference; lastKnownFileType = sourcecode.c.h; name = uthash.h; path = libs/cocos2d/Support/uthash.h; sourceTree = "<group>"; };
		B64E24821814AEBF0076347F /* utlist.h */ = {isa = PBXFileReference; lastKnownFileType = sourcecode.c.h; name = utlist.h; path = libs/cocos2d/Support/utlist.h; sourceTree = "<group>"; };
		B64E24831814AEBF0076347F /* ZipUtils.h */ = {isa = PBXFileReference; lastKnownFileType = sourcecode.c.h; name = ZipUtils.h; path = libs/cocos2d/Support/ZipUtils.h; sourceTree = "<group>"; };
		B64E24841814AEBF0076347F /* ZipUtils.m */ = {isa = PBXFileReference; lastKnownFileType = sourcecode.c.objc; name = ZipUtils.m; path = libs/cocos2d/Support/ZipUtils.m; sourceTree = "<group>"; };
		B64E24861814AEBF0076347F /* LICENSE_cocos2d.txt */ = {isa = PBXFileReference; lastKnownFileType = text; name = LICENSE_cocos2d.txt; path = libs/LICENSE_cocos2d.txt; sourceTree = "<group>"; };
		B64E24881814AEBF0076347F /* CDAudioManager.h */ = {isa = PBXFileReference; lastKnownFileType = sourcecode.c.h; name = CDAudioManager.h; path = libs/CocosDenshion/CDAudioManager.h; sourceTree = "<group>"; };
		B64E24891814AEBF0076347F /* CDAudioManager.m */ = {isa = PBXFileReference; lastKnownFileType = sourcecode.c.objc; name = CDAudioManager.m; path = libs/CocosDenshion/CDAudioManager.m; sourceTree = "<group>"; };
		B64E248B1814AEBF0076347F /* CDConfig.h */ = {isa = PBXFileReference; lastKnownFileType = sourcecode.c.h; name = CDConfig.h; path = libs/CocosDenshion/CDConfig.h; sourceTree = "<group>"; };
		B64E248C1814AEBF0076347F /* CDOpenALSupport.h */ = {isa = PBXFileReference; lastKnownFileType = sourcecode.c.h; name = CDOpenALSupport.h; path = libs/CocosDenshion/CDOpenALSupport.h; sourceTree = "<group>"; };
		B64E248D1814AEBF0076347F /* CDOpenALSupport.m */ = {isa = PBXFileReference; lastKnownFileType = sourcecode.c.objc; name = CDOpenALSupport.m; path = libs/CocosDenshion/CDOpenALSupport.m; sourceTree = "<group>"; };
		B64E248F1814AEBF0076347F /* CocosDenshion.h */ = {isa = PBXFileReference; lastKnownFileType = sourcecode.c.h; name = CocosDenshion.h; path = libs/CocosDenshion/CocosDenshion.h; sourceTree = "<group>"; };
		B64E24901814AEBF0076347F /* CocosDenshion.m */ = {isa = PBXFileReference; lastKnownFileType = sourcecode.c.objc; name = CocosDenshion.m; path = libs/CocosDenshion/CocosDenshion.m; sourceTree = "<group>"; };
		B64E24921814AEBF0076347F /* SimpleAudioEngine.h */ = {isa = PBXFileReference; lastKnownFileType = sourcecode.c.h; name = SimpleAudioEngine.h; path = libs/CocosDenshion/SimpleAudioEngine.h; sourceTree = "<group>"; };
		B64E24931814AEBF0076347F /* SimpleAudioEngine.m */ = {isa = PBXFileReference; lastKnownFileType = sourcecode.c.objc; name = SimpleAudioEngine.m; path = libs/CocosDenshion/SimpleAudioEngine.m; sourceTree = "<group>"; };
		B64E24951814AEBF0076347F /* LICENSE_CocosDenshion.txt */ = {isa = PBXFileReference; lastKnownFileType = text; name = LICENSE_CocosDenshion.txt; path = libs/LICENSE_CocosDenshion.txt; sourceTree = "<group>"; };
		B64E24971814AEBF0076347F /* FontLabel.h */ = {isa = PBXFileReference; lastKnownFileType = sourcecode.c.h; name = FontLabel.h; path = libs/FontLabel/FontLabel.h; sourceTree = "<group>"; };
		B64E24981814AEBF0076347F /* FontLabel.m */ = {isa = PBXFileReference; lastKnownFileType = sourcecode.c.objc; name = FontLabel.m; path = libs/FontLabel/FontLabel.m; sourceTree = "<group>"; };
		B64E249A1814AEBF0076347F /* FontLabelStringDrawing.h */ = {isa = PBXFileReference; lastKnownFileType = sourcecode.c.h; name = FontLabelStringDrawing.h; path = libs/FontLabel/FontLabelStringDrawing.h; sourceTree = "<group>"; };
		B64E249B1814AEBF0076347F /* FontLabelStringDrawing.m */ = {isa = PBXFileReference; lastKnownFileType = sourcecode.c.objc; name = FontLabelStringDrawing.m; path = libs/FontLabel/FontLabelStringDrawing.m; sourceTree = "<group>"; };
		B64E249D1814AEBF0076347F /* FontManager.h */ = {isa = PBXFileReference; lastKnownFileType = sourcecode.c.h; name = FontManager.h; path = libs/FontLabel/FontManager.h; sourceTree = "<group>"; };
		B64E249E1814AEBF0076347F /* FontManager.m */ = {isa = PBXFileReference; lastKnownFileType = sourcecode.c.objc; name = FontManager.m; path = libs/FontLabel/FontManager.m; sourceTree = "<group>"; };
		B64E24A01814AEBF0076347F /* ZAttributedString.h */ = {isa = PBXFileReference; lastKnownFileType = sourcecode.c.h; name = ZAttributedString.h; path = libs/FontLabel/ZAttributedString.h; sourceTree = "<group>"; };
		B64E24A11814AEBF0076347F /* ZAttributedString.m */ = {isa = PBXFileReference; lastKnownFileType = sourcecode.c.objc; name = ZAttributedString.m; path = libs/FontLabel/ZAttributedString.m; sourceTree = "<group>"; };
		B64E24A31814AEBF0076347F /* ZAttributedStringPrivate.h */ = {isa = PBXFileReference; lastKnownFileType = sourcecode.c.h; name = ZAttributedStringPrivate.h; path = libs/FontLabel/ZAttributedStringPrivate.h; sourceTree = "<group>"; };
		B64E24A41814AEBF0076347F /* ZFont.h */ = {isa = PBXFileReference; lastKnownFileType = sourcecode.c.h; name = ZFont.h; path = libs/FontLabel/ZFont.h; sourceTree = "<group>"; };
		B64E24A51814AEBF0076347F /* ZFont.m */ = {isa = PBXFileReference; lastKnownFileType = sourcecode.c.objc; name = ZFont.m; path = libs/FontLabel/ZFont.m; sourceTree = "<group>"; };
		B64E24A71814AEBF0076347F /* LICENSE_FontLabel.txt */ = {isa = PBXFileReference; lastKnownFileType = text; name = LICENSE_FontLabel.txt; path = libs/LICENSE_FontLabel.txt; sourceTree = "<group>"; };
		B64E24A91814AEBF0076347F /* Prefix.pch */ = {isa = PBXFileReference; lastKnownFileType = sourcecode.c.h; path = Prefix.pch; sourceTree = "<group>"; };
		B64E24AA1814AEBF0076347F /* main.m */ = {isa = PBXFileReference; lastKnownFileType = sourcecode.c.objc; path = main.m; sourceTree = "<group>"; };
		B64E24AC1814AEBF0076347F /* AppDelegate.h */ = {isa = PBXFileReference; lastKnownFileType = sourcecode.c.h; path = AppDelegate.h; sourceTree = "<group>"; };
		B64E24AD1814AEBF0076347F /* AppDelegate.m */ = {isa = PBXFileReference; lastKnownFileType = sourcecode.c.objc; path = AppDelegate.m; sourceTree = "<group>"; };
		B64E24AF1814AEBF0076347F /* RootViewController.h */ = {isa = PBXFileReference; lastKnownFileType = sourcecode.c.h; path = RootViewController.h; sourceTree = "<group>"; };
		B64E24B01814AEBF0076347F /* RootViewController.m */ = {isa = PBXFileReference; lastKnownFileType = sourcecode.c.objc; path = RootViewController.m; sourceTree = "<group>"; };
		B64E24B21814AEBF0076347F /* HelloWorldLayer.h */ = {isa = PBXFileReference; lastKnownFileType = sourcecode.c.h; path = HelloWorldLayer.h; sourceTree = "<group>"; };
		B64E24B31814AEBF0076347F /* HelloWorldLayer.m */ = {isa = PBXFileReference; lastKnownFileType = sourcecode.c.objc; path = HelloWorldLayer.m; sourceTree = "<group>"; };
		B64E24B51814AEBF0076347F /* GameConfig.h */ = {isa = PBXFileReference; lastKnownFileType = sourcecode.c.h; path = GameConfig.h; sourceTree = "<group>"; };
/* End PBXFileReference section */

/* Begin PBXFrameworksBuildPhase section */
		B64E23551814AEBD0076347F /* Frameworks */ = {
			isa = PBXFrameworksBuildPhase;
			buildActionMask = 2147483647;
			files = (
				B64E23601814AEBD0076347F /* OpenAL.framework in Frameworks */,
				B64E23661814AEBD0076347F /* UIKit.framework in Frameworks */,
				B64E235C1814AEBD0076347F /* QuartzCore.framework in Frameworks */,
				B64E23641814AEBD0076347F /* AVFoundation.framework in Frameworks */,
				B64E236A1814AEBD0076347F /* CoreGraphics.framework in Frameworks */,
				B64E235E1814AEBD0076347F /* OpenGLES.framework in Frameworks */,
				B64E23681814AEBD0076347F /* Foundation.framework in Frameworks */,
				B64E23621814AEBD0076347F /* AudioToolbox.framework in Frameworks */,
			);
			runOnlyForDeploymentPostprocessing = 0;
		};
/* End PBXFrameworksBuildPhase section */

/* Begin PBXGroup section */
		B64E234F1814AEBD0076347F = {
			isa = PBXGroup;
			children = (
				B64E236B1814AEBD0076347F /* Bomb! */,
				B64E235A1814AEBD0076347F /* Frameworks */,
				B64E23591814AEBD0076347F /* Products */,
			);
			sourceTree = "<group>";
		};
		B64E23591814AEBD0076347F /* Products */ = {
			isa = PBXGroup;
			children = (
				B64E23581814AEBD0076347F /* Bomb!.app */,
			);
			name = Products;
			sourceTree = "<group>";
		};
		B64E235A1814AEBD0076347F /* Frameworks */ = {
			isa = PBXGroup;
			children = (
				B64E235B1814AEBD0076347F /* QuartzCore.framework */,
				B64E235D1814AEBD0076347F /* OpenGLES.framework */,
				B64E235F1814AEBD0076347F /* OpenAL.framework */,
				B64E23611814AEBD0076347F /* AudioToolbox.framework */,
				B64E23631814AEBD0076347F /* AVFoundation.framework */,
				B64E23651814AEBD0076347F /* UIKit.framework */,
				B64E23671814AEBD0076347F /* Foundation.framework */,
				B64E23691814AEBD0076347F /* CoreGraphics.framework */,
			);
			name = Frameworks;
			sourceTree = "<group>";
		};
		B64E236B1814AEBD0076347F /* Bomb! */ = {
			isa = PBXGroup;
			children = (
				B64E24AC1814AEBF0076347F /* AppDelegate.h */,
				B64E24AD1814AEBF0076347F /* AppDelegate.m */,
				B64E24AF1814AEBF0076347F /* RootViewController.h */,
				B64E24B01814AEBF0076347F /* RootViewController.m */,
				B64E24B21814AEBF0076347F /* HelloWorldLayer.h */,
				B64E24B31814AEBF0076347F /* HelloWorldLayer.m */,
				B64E24B51814AEBF0076347F /* GameConfig.h */,
				B64E236C1814AEBD0076347F /* Resources */,
				B64E23841814AEBD0076347F /* libs */,
				B64E24A81814AEBF0076347F /* Supporting Files */,
			);
			path = "Bomb!";
			sourceTree = "<group>";
		};
		B64E236C1814AEBD0076347F /* Resources */ = {
			isa = PBXGroup;
			children = (
				B64E236D1814AEBD0076347F /* Default.png */,
				B64E236F1814AEBD0076347F /* Default@2x.png */,
				B64E23711814AEBD0076347F /* Default-568h@2x.png */,
				B64E23731814AEBD0076347F /* fps_images.png */,
				B64E23751814AEBD0076347F /* Icon-72.png */,
				B64E23771814AEBD0076347F /* Icon-Small-50.png */,
				B64E23791814AEBD0076347F /* Icon-Small.png */,
				B64E237B1814AEBD0076347F /* Icon-Small@2x.png */,
				B64E237D1814AEBD0076347F /* Icon.png */,
				B64E237F1814AEBD0076347F /* Icon@2x.png */,
				B64E23811814AEBD0076347F /* Info.plist */,
				B64E23821814AEBD0076347F /* iTunesArtwork */,
			);
			name = Resources;
			sourceTree = "<group>";
		};
		B64E23841814AEBD0076347F /* libs */ = {
			isa = PBXGroup;
			children = (
				B64E24861814AEBF0076347F /* LICENSE_cocos2d.txt */,
				B64E24951814AEBF0076347F /* LICENSE_CocosDenshion.txt */,
				B64E24A71814AEBF0076347F /* LICENSE_FontLabel.txt */,
				B64E23851814AEBD0076347F /* cocos2d */,
				B64E24871814AEBF0076347F /* CocosDenshion */,
				B64E24961814AEBF0076347F /* FontLabel */,
			);
			name = libs;
			sourceTree = "<group>";
		};
		B64E23851814AEBD0076347F /* cocos2d */ = {
			isa = PBXGroup;
			children = (
				B64E23861814AEBD0076347F /* CCAction.h */,
				B64E23871814AEBD0076347F /* CCAction.m */,
				B64E23891814AEBD0076347F /* CCActionCamera.h */,
				B64E238A1814AEBD0076347F /* CCActionCamera.m */,
				B64E238C1814AEBD0076347F /* CCActionEase.h */,
				B64E238D1814AEBD0076347F /* CCActionEase.m */,
				B64E238F1814AEBD0076347F /* CCActionGrid.h */,
				B64E23901814AEBD0076347F /* CCActionGrid.m */,
				B64E23921814AEBD0076347F /* CCActionGrid3D.h */,
				B64E23931814AEBD0076347F /* CCActionGrid3D.m */,
				B64E23951814AEBD0076347F /* CCActionInstant.h */,
				B64E23961814AEBD0076347F /* CCActionInstant.m */,
				B64E23981814AEBD0076347F /* CCActionInterval.h */,
				B64E23991814AEBD0076347F /* CCActionInterval.m */,
				B64E239B1814AEBD0076347F /* CCActionManager.h */,
				B64E239C1814AEBD0076347F /* CCActionManager.m */,
				B64E239E1814AEBD0076347F /* CCActionPageTurn3D.h */,
				B64E239F1814AEBD0076347F /* CCActionPageTurn3D.m */,
				B64E23A11814AEBD0076347F /* CCActionProgressTimer.h */,
				B64E23A21814AEBD0076347F /* CCActionProgressTimer.m */,
				B64E23A41814AEBD0076347F /* CCActionTiledGrid.h */,
				B64E23A51814AEBD0076347F /* CCActionTiledGrid.m */,
				B64E23A71814AEBD0076347F /* CCActionTween.h */,
				B64E23A81814AEBD0076347F /* CCActionTween.m */,
				B64E23AA1814AEBD0076347F /* CCAnimation.h */,
				B64E23AB1814AEBD0076347F /* CCAnimation.m */,
				B64E23AD1814AEBD0076347F /* CCAnimationCache.h */,
				B64E23AE1814AEBD0076347F /* CCAnimationCache.m */,
				B64E23B01814AEBD0076347F /* CCAtlasNode.h */,
				B64E23B11814AEBD0076347F /* CCAtlasNode.m */,
				B64E23B31814AEBD0076347F /* CCBlockSupport.h */,
				B64E23B41814AEBD0076347F /* CCBlockSupport.m */,
				B64E23B61814AEBD0076347F /* CCCamera.h */,
				B64E23B71814AEBD0076347F /* CCCamera.m */,
				B64E23B91814AEBD0076347F /* ccConfig.h */,
				B64E23BA1814AEBD0076347F /* CCConfiguration.h */,
				B64E23BB1814AEBD0076347F /* CCConfiguration.m */,
				B64E23BD1814AEBD0076347F /* CCDirector.h */,
				B64E23BE1814AEBD0076347F /* CCDirector.m */,
				B64E23C01814AEBD0076347F /* CCDrawingPrimitives.h */,
				B64E23C11814AEBD0076347F /* CCDrawingPrimitives.m */,
				B64E23C31814AEBD0076347F /* CCDrawNode.h */,
				B64E23C41814AEBD0076347F /* CCDrawNode.m */,
				B64E23C61814AEBD0076347F /* CCGrabber.h */,
				B64E23C71814AEBD0076347F /* CCGrabber.m */,
				B64E23C91814AEBD0076347F /* CCGrid.h */,
				B64E23CA1814AEBD0076347F /* CCGrid.m */,
				B64E23CC1814AEBD0076347F /* CCLabelAtlas.h */,
				B64E23CD1814AEBD0076347F /* CCLabelAtlas.m */,
				B64E23CF1814AEBD0076347F /* CCLabelBMFont.h */,
				B64E23D01814AEBD0076347F /* CCLabelBMFont.m */,
				B64E23D21814AEBD0076347F /* CCLabelTTF.h */,
				B64E23D31814AEBD0076347F /* CCLabelTTF.m */,
				B64E23D51814AEBD0076347F /* CCLayer.h */,
				B64E23D61814AEBD0076347F /* CCLayer.m */,
				B64E23D81814AEBD0076347F /* ccMacros.h */,
				B64E23D91814AEBD0076347F /* CCMenu.h */,
				B64E23DA1814AEBD0076347F /* CCMenu.m */,
				B64E23DC1814AEBE0076347F /* CCMenuItem.h */,
				B64E23DD1814AEBE0076347F /* CCMenuItem.m */,
				B64E23DF1814AEBE0076347F /* CCMotionStreak.h */,
				B64E23E01814AEBE0076347F /* CCMotionStreak.m */,
				B64E23E21814AEBE0076347F /* CCNode.h */,
				B64E23E31814AEBE0076347F /* CCNode.m */,
				B64E23E51814AEBE0076347F /* CCParallaxNode.h */,
				B64E23E61814AEBE0076347F /* CCParallaxNode.m */,
				B64E23E81814AEBE0076347F /* CCParticleBatchNode.h */,
				B64E23E91814AEBE0076347F /* CCParticleBatchNode.m */,
				B64E23EB1814AEBE0076347F /* CCParticleExamples.h */,
				B64E23EC1814AEBE0076347F /* CCParticleExamples.m */,
				B64E23EE1814AEBE0076347F /* CCParticleSystem.h */,
				B64E23EF1814AEBE0076347F /* CCParticleSystem.m */,
				B64E23F11814AEBE0076347F /* CCParticleSystemPoint.h */,
				B64E23F21814AEBE0076347F /* CCParticleSystemPoint.m */,
				B64E23F41814AEBE0076347F /* CCParticleSystemQuad.h */,
				B64E23F51814AEBE0076347F /* CCParticleSystemQuad.m */,
				B64E23F71814AEBE0076347F /* CCPhysicsDebugNode.h */,
				B64E23F81814AEBE0076347F /* CCPhysicsDebugNode.m */,
				B64E23FA1814AEBE0076347F /* CCPhysicsSprite.h */,
				B64E23FB1814AEBE0076347F /* CCPhysicsSprite.mm */,
				B64E23FD1814AEBE0076347F /* CCProgressTimer.h */,
				B64E23FE1814AEBE0076347F /* CCProgressTimer.m */,
				B64E24001814AEBE0076347F /* CCProtocols.h */,
				B64E24011814AEBE0076347F /* CCRenderTexture.h */,
				B64E24021814AEBE0076347F /* CCRenderTexture.m */,
				B64E24041814AEBE0076347F /* CCRibbon.h */,
				B64E24051814AEBE0076347F /* CCRibbon.m */,
				B64E24071814AEBE0076347F /* CCScene.h */,
				B64E24081814AEBE0076347F /* CCScene.m */,
				B64E240A1814AEBE0076347F /* CCScheduler.h */,
				B64E240B1814AEBE0076347F /* CCScheduler.m */,
				B64E240D1814AEBE0076347F /* CCSprite.h */,
				B64E240E1814AEBE0076347F /* CCSprite.m */,
				B64E24101814AEBE0076347F /* CCSpriteBatchNode.h */,
				B64E24111814AEBE0076347F /* CCSpriteBatchNode.m */,
				B64E24131814AEBE0076347F /* CCSpriteFrame.h */,
				B64E24141814AEBE0076347F /* CCSpriteFrame.m */,
				B64E24161814AEBE0076347F /* CCSpriteFrameCache.h */,
				B64E24171814AEBE0076347F /* CCSpriteFrameCache.m */,
				B64E24191814AEBE0076347F /* CCTexture2D.h */,
				B64E241A1814AEBE0076347F /* CCTexture2D.m */,
				B64E241C1814AEBE0076347F /* CCTextureAtlas.h */,
				B64E241D1814AEBE0076347F /* CCTextureAtlas.m */,
				B64E241F1814AEBE0076347F /* CCTextureCache.h */,
				B64E24201814AEBE0076347F /* CCTextureCache.m */,
				B64E24221814AEBE0076347F /* CCTexturePVR.h */,
				B64E24231814AEBE0076347F /* CCTexturePVR.m */,
				B64E24251814AEBE0076347F /* CCTileMapAtlas.h */,
				B64E24261814AEBE0076347F /* CCTileMapAtlas.m */,
				B64E24281814AEBE0076347F /* CCTMXLayer.h */,
				B64E24291814AEBE0076347F /* CCTMXLayer.m */,
				B64E242B1814AEBE0076347F /* CCTMXObjectGroup.h */,
				B64E242C1814AEBE0076347F /* CCTMXObjectGroup.m */,
				B64E242E1814AEBE0076347F /* CCTMXTiledMap.h */,
				B64E242F1814AEBE0076347F /* CCTMXTiledMap.m */,
				B64E24311814AEBE0076347F /* CCTMXXMLParser.h */,
				B64E24321814AEBE0076347F /* CCTMXXMLParser.m */,
				B64E24341814AEBE0076347F /* CCTransition.h */,
				B64E24351814AEBE0076347F /* CCTransition.m */,
				B64E24371814AEBE0076347F /* CCTransitionPageTurn.h */,
				B64E24381814AEBE0076347F /* CCTransitionPageTurn.m */,
				B64E243A1814AEBE0076347F /* CCTransitionRadial.h */,
				B64E243B1814AEBE0076347F /* CCTransitionRadial.m */,
				B64E243D1814AEBE0076347F /* ccTypes.h */,
				B64E243E1814AEBE0076347F /* cocos2d.h */,
				B64E243F1814AEBE0076347F /* cocos2d.m */,
				B64E24411814AEBE0076347F /* Platforms */,
				B64E24661814AEBF0076347F /* Support */,
			);
			name = cocos2d;
			sourceTree = "<group>";
		};
		B64E24411814AEBE0076347F /* Platforms */ = {
			isa = PBXGroup;
			children = (
				B64E24421814AEBE0076347F /* CCGL.h */,
				B64E24431814AEBE0076347F /* CCNS.h */,
				B64E24441814AEBE0076347F /* iOS */,
				B64E24591814AEBE0076347F /* Mac */,
			);
			name = Platforms;
			sourceTree = "<group>";
		};
		B64E24441814AEBE0076347F /* iOS */ = {
			isa = PBXGroup;
			children = (
				B64E24451814AEBE0076347F /* CCDirectorIOS.h */,
				B64E24461814AEBE0076347F /* CCDirectorIOS.m */,
				B64E24481814AEBE0076347F /* CCTouchDelegateProtocol.h */,
				B64E24491814AEBE0076347F /* CCTouchDispatcher.h */,
				B64E244A1814AEBE0076347F /* CCTouchDispatcher.m */,
				B64E244C1814AEBE0076347F /* CCTouchHandler.h */,
				B64E244D1814AEBE0076347F /* CCTouchHandler.m */,
				B64E244F1814AEBE0076347F /* EAGLView.h */,
				B64E24501814AEBE0076347F /* EAGLView.m */,
				B64E24521814AEBE0076347F /* ES1Renderer.h */,
				B64E24531814AEBE0076347F /* ES1Renderer.m */,
				B64E24551814AEBE0076347F /* ESRenderer.h */,
				B64E24561814AEBE0076347F /* glu.c */,
				B64E24581814AEBE0076347F /* glu.h */,
			);
			name = iOS;
			sourceTree = "<group>";
		};
		B64E24591814AEBE0076347F /* Mac */ = {
			isa = PBXGroup;
			children = (
				B64E245A1814AEBE0076347F /* CCDirectorMac.h */,
				B64E245B1814AEBE0076347F /* CCDirectorMac.m */,
				B64E245D1814AEBE0076347F /* CCEventDispatcher.h */,
				B64E245E1814AEBE0076347F /* CCEventDispatcher.m */,
				B64E24601814AEBE0076347F /* MacGLView.h */,
				B64E24611814AEBE0076347F /* MacGLView.m */,
				B64E24631814AEBF0076347F /* MacWindow.h */,
				B64E24641814AEBF0076347F /* MacWindow.m */,
			);
			name = Mac;
			sourceTree = "<group>";
		};
		B64E24661814AEBF0076347F /* Support */ = {
			isa = PBXGroup;
			children = (
				B64E24671814AEBF0076347F /* base64.c */,
				B64E24691814AEBF0076347F /* base64.h */,
				B64E246A1814AEBF0076347F /* CCArray.h */,
				B64E246B1814AEBF0076347F /* CCArray.m */,
				B64E246D1814AEBF0076347F /* ccCArray.h */,
				B64E246E1814AEBF0076347F /* CCFileUtils.h */,
				B64E246F1814AEBF0076347F /* CCFileUtils.m */,
				B64E24711814AEBF0076347F /* CCProfiling.h */,
				B64E24721814AEBF0076347F /* CCProfiling.m */,
				B64E24741814AEBF0076347F /* ccUtils.c */,
				B64E24761814AEBF0076347F /* ccUtils.h */,
				B64E24771814AEBF0076347F /* CGPointExtension.h */,
				B64E24781814AEBF0076347F /* CGPointExtension.m */,
				B64E247A1814AEBF0076347F /* OpenGL_Internal.h */,
				B64E247B1814AEBF0076347F /* TGAlib.h */,
				B64E247C1814AEBF0076347F /* TGAlib.m */,
				B64E247E1814AEBF0076347F /* TransformUtils.h */,
				B64E247F1814AEBF0076347F /* TransformUtils.m */,
				B64E24811814AEBF0076347F /* uthash.h */,
				B64E24821814AEBF0076347F /* utlist.h */,
				B64E24831814AEBF0076347F /* ZipUtils.h */,
				B64E24841814AEBF0076347F /* ZipUtils.m */,
			);
			name = Support;
			sourceTree = "<group>";
		};
		B64E24871814AEBF0076347F /* CocosDenshion */ = {
			isa = PBXGroup;
			children = (
				B64E24881814AEBF0076347F /* CDAudioManager.h */,
				B64E24891814AEBF0076347F /* CDAudioManager.m */,
				B64E248B1814AEBF0076347F /* CDConfig.h */,
				B64E248C1814AEBF0076347F /* CDOpenALSupport.h */,
				B64E248D1814AEBF0076347F /* CDOpenALSupport.m */,
				B64E248F1814AEBF0076347F /* CocosDenshion.h */,
				B64E24901814AEBF0076347F /* CocosDenshion.m */,
				B64E24921814AEBF0076347F /* SimpleAudioEngine.h */,
				B64E24931814AEBF0076347F /* SimpleAudioEngine.m */,
			);
			name = CocosDenshion;
			sourceTree = "<group>";
		};
		B64E24961814AEBF0076347F /* FontLabel */ = {
			isa = PBXGroup;
			children = (
				B64E24971814AEBF0076347F /* FontLabel.h */,
				B64E24981814AEBF0076347F /* FontLabel.m */,
				B64E249A1814AEBF0076347F /* FontLabelStringDrawing.h */,
				B64E249B1814AEBF0076347F /* FontLabelStringDrawing.m */,
				B64E249D1814AEBF0076347F /* FontManager.h */,
				B64E249E1814AEBF0076347F /* FontManager.m */,
				B64E24A01814AEBF0076347F /* ZAttributedString.h */,
				B64E24A11814AEBF0076347F /* ZAttributedString.m */,
				B64E24A31814AEBF0076347F /* ZAttributedStringPrivate.h */,
				B64E24A41814AEBF0076347F /* ZFont.h */,
				B64E24A51814AEBF0076347F /* ZFont.m */,
			);
			name = FontLabel;
			sourceTree = "<group>";
		};
		B64E24A81814AEBF0076347F /* Supporting Files */ = {
			isa = PBXGroup;
			children = (
				B64E24A91814AEBF0076347F /* Prefix.pch */,
				B64E24AA1814AEBF0076347F /* main.m */,
			);
			name = "Supporting Files";
			sourceTree = "<group>";
		};
/* End PBXGroup section */

/* Begin PBXNativeTarget section */
		B64E23571814AEBD0076347F /* Bomb! */ = {
			isa = PBXNativeTarget;
			buildConfigurationList = B64E24B81814AEBF0076347F /* Build configuration list for PBXNativeTarget "Bomb!" */;
			buildPhases = (
				B64E23541814AEBD0076347F /* Sources */,
				B64E23551814AEBD0076347F /* Frameworks */,
				B64E23561814AEBD0076347F /* Resources */,
			);
			buildRules = (
			);
			dependencies = (
			);
			name = "Bomb!";
			productName = "Bomb!";
			productReference = B64E23581814AEBD0076347F /* Bomb!.app */;
			productType = "com.apple.product-type.application";
		};
/* End PBXNativeTarget section */

/* Begin PBXProject section */
		B64E23501814AEBD0076347F /* Project object */ = {
			isa = PBXProject;
			attributes = {
				LastUpgradeCheck = 0500;
			};
			buildConfigurationList = B64E23531814AEBD0076347F /* Build configuration list for PBXProject "Bomb!" */;
			compatibilityVersion = "Xcode 3.2";
			developmentRegion = English;
			hasScannedForEncodings = 0;
			knownRegions = (
				en,
			);
			mainGroup = B64E234F1814AEBD0076347F;
			productRefGroup = B64E23591814AEBD0076347F /* Products */;
			projectDirPath = "";
			projectRoot = "";
			targets = (
				B64E23571814AEBD0076347F /* Bomb! */,
			);
		};
/* End PBXProject section */

/* Begin PBXResourcesBuildPhase section */
		B64E23561814AEBD0076347F /* Resources */ = {
			isa = PBXResourcesBuildPhase;
			buildActionMask = 2147483647;
			files = (
				B64E237E1814AEBD0076347F /* Icon.png in Resources */,
				B64E23701814AEBD0076347F /* Default@2x.png in Resources */,
				B64E237A1814AEBD0076347F /* Icon-Small.png in Resources */,
				B64E23761814AEBD0076347F /* Icon-72.png in Resources */,
				B64E236E1814AEBD0076347F /* Default.png in Resources */,
				B64E23781814AEBD0076347F /* Icon-Small-50.png in Resources */,
				B64E23831814AEBD0076347F /* iTunesArtwork in Resources */,
				B64E237C1814AEBD0076347F /* Icon-Small@2x.png in Resources */,
				B64E23721814AEBD0076347F /* Default-568h@2x.png in Resources */,
				B64E23741814AEBD0076347F /* fps_images.png in Resources */,
				B64E23801814AEBD0076347F /* Icon@2x.png in Resources */,
			);
			runOnlyForDeploymentPostprocessing = 0;
		};
/* End PBXResourcesBuildPhase section */

/* Begin PBXSourcesBuildPhase section */
		B64E23541814AEBD0076347F /* Sources */ = {
			isa = PBXSourcesBuildPhase;
			buildActionMask = 2147483647;
			files = (
				B64E24151814AEBE0076347F /* CCSpriteFrame.m in Sources */,
				B64E243C1814AEBE0076347F /* CCTransitionRadial.m in Sources */,
				B64E24B11814AEBF0076347F /* RootViewController.m in Sources */,
				B64E23A61814AEBD0076347F /* CCActionTiledGrid.m in Sources */,
				B64E246C1814AEBF0076347F /* CCArray.m in Sources */,
				B64E241B1814AEBE0076347F /* CCTexture2D.m in Sources */,
				B64E23BF1814AEBD0076347F /* CCDirector.m in Sources */,
				B64E24241814AEBE0076347F /* CCTexturePVR.m in Sources */,
				B64E24701814AEBF0076347F /* CCFileUtils.m in Sources */,
				B64E23C21814AEBD0076347F /* CCDrawingPrimitives.m in Sources */,
				B64E24731814AEBF0076347F /* CCProfiling.m in Sources */,
				B64E238E1814AEBD0076347F /* CCActionEase.m in Sources */,
				B64E23CE1814AEBD0076347F /* CCLabelAtlas.m in Sources */,
				B64E240F1814AEBE0076347F /* CCSprite.m in Sources */,
				B64E24B41814AEBF0076347F /* HelloWorldLayer.m in Sources */,
				B64E24301814AEBE0076347F /* CCTMXTiledMap.m in Sources */,
				B64E24331814AEBE0076347F /* CCTMXXMLParser.m in Sources */,
				B64E23C51814AEBD0076347F /* CCDrawNode.m in Sources */,
				B64E24031814AEBE0076347F /* CCRenderTexture.m in Sources */,
				B64E249C1814AEBF0076347F /* FontLabelStringDrawing.m in Sources */,
				B64E23B21814AEBD0076347F /* CCAtlasNode.m in Sources */,
				B64E24211814AEBE0076347F /* CCTextureCache.m in Sources */,
				B64E24AE1814AEBF0076347F /* AppDelegate.m in Sources */,
				B64E23941814AEBD0076347F /* CCActionGrid3D.m in Sources */,
				B64E24791814AEBF0076347F /* CGPointExtension.m in Sources */,
				B64E240C1814AEBE0076347F /* CCScheduler.m in Sources */,
				B64E24061814AEBE0076347F /* CCRibbon.m in Sources */,
				B64E23A31814AEBD0076347F /* CCActionProgressTimer.m in Sources */,
				B64E23D41814AEBD0076347F /* CCLabelTTF.m in Sources */,
				B64E24851814AEBF0076347F /* ZipUtils.m in Sources */,
				B64E23F01814AEBE0076347F /* CCParticleSystem.m in Sources */,
				B64E24681814AEBF0076347F /* base64.c in Sources */,
				B64E23ED1814AEBE0076347F /* CCParticleExamples.m in Sources */,
				B64E23DE1814AEBE0076347F /* CCMenuItem.m in Sources */,
				B64E24391814AEBE0076347F /* CCTransitionPageTurn.m in Sources */,
				B64E24751814AEBF0076347F /* ccUtils.c in Sources */,
				B64E24121814AEBE0076347F /* CCSpriteBatchNode.m in Sources */,
				B64E248E1814AEBF0076347F /* CDOpenALSupport.m in Sources */,
				B64E24801814AEBF0076347F /* TransformUtils.m in Sources */,
				B64E23F91814AEBE0076347F /* CCPhysicsDebugNode.m in Sources */,
				B64E23AC1814AEBD0076347F /* CCAnimation.m in Sources */,
				B64E23FC1814AEBE0076347F /* CCPhysicsSprite.mm in Sources */,
				B64E23E71814AEBE0076347F /* CCParallaxNode.m in Sources */,
				B64E238B1814AEBD0076347F /* CCActionCamera.m in Sources */,
				B64E245F1814AEBE0076347F /* CCEventDispatcher.m in Sources */,
				B64E23D71814AEBD0076347F /* CCLayer.m in Sources */,
				B64E239D1814AEBD0076347F /* CCActionManager.m in Sources */,
				B64E245C1814AEBE0076347F /* CCDirectorMac.m in Sources */,
				B64E23E11814AEBE0076347F /* CCMotionStreak.m in Sources */,
				B64E23DB1814AEBD0076347F /* CCMenu.m in Sources */,
				B64E241E1814AEBE0076347F /* CCTextureAtlas.m in Sources */,
				B64E24361814AEBE0076347F /* CCTransition.m in Sources */,
				B64E24571814AEBE0076347F /* glu.c in Sources */,
				B64E24471814AEBE0076347F /* CCDirectorIOS.m in Sources */,
				B64E242D1814AEBE0076347F /* CCTMXObjectGroup.m in Sources */,
				B64E247D1814AEBF0076347F /* TGAlib.m in Sources */,
				B64E24A61814AEBF0076347F /* ZFont.m in Sources */,
				B64E249F1814AEBF0076347F /* FontManager.m in Sources */,
				B64E24941814AEBF0076347F /* SimpleAudioEngine.m in Sources */,
				B64E23C81814AEBD0076347F /* CCGrabber.m in Sources */,
				B64E24991814AEBF0076347F /* FontLabel.m in Sources */,
				B64E239A1814AEBD0076347F /* CCActionInterval.m in Sources */,
				B64E23FF1814AEBE0076347F /* CCProgressTimer.m in Sources */,
				B64E23B51814AEBD0076347F /* CCBlockSupport.m in Sources */,
				B64E244B1814AEBE0076347F /* CCTouchDispatcher.m in Sources */,
				B64E24271814AEBE0076347F /* CCTileMapAtlas.m in Sources */,
				B64E242A1814AEBE0076347F /* CCTMXLayer.m in Sources */,
				B64E24651814AEBF0076347F /* MacWindow.m in Sources */,
				B64E23EA1814AEBE0076347F /* CCParticleBatchNode.m in Sources */,
				B64E23BC1814AEBD0076347F /* CCConfiguration.m in Sources */,
				B64E23881814AEBD0076347F /* CCAction.m in Sources */,
				B64E23911814AEBD0076347F /* CCActionGrid.m in Sources */,
				B64E244E1814AEBE0076347F /* CCTouchHandler.m in Sources */,
				B64E24AB1814AEBF0076347F /* main.m in Sources */,
				B64E23A91814AEBD0076347F /* CCActionTween.m in Sources */,
				B64E23A01814AEBD0076347F /* CCActionPageTurn3D.m in Sources */,
				B64E24511814AEBE0076347F /* EAGLView.m in Sources */,
				B64E23F61814AEBE0076347F /* CCParticleSystemQuad.m in Sources */,
				B64E248A1814AEBF0076347F /* CDAudioManager.m in Sources */,
				B64E23D11814AEBD0076347F /* CCLabelBMFont.m in Sources */,
				B64E23CB1814AEBD0076347F /* CCGrid.m in Sources */,
				B64E23F31814AEBE0076347F /* CCParticleSystemPoint.m in Sources */,
				B64E23971814AEBD0076347F /* CCActionInstant.m in Sources */,
				B64E24401814AEBE0076347F /* cocos2d.m in Sources */,
				B64E24621814AEBE0076347F /* MacGLView.m in Sources */,
				B64E24911814AEBF0076347F /* CocosDenshion.m in Sources */,
				B64E24541814AEBE0076347F /* ES1Renderer.m in Sources */,
				B64E24181814AEBE0076347F /* CCSpriteFrameCache.m in Sources */,
				B64E23B81814AEBD0076347F /* CCCamera.m in Sources */,
				B64E24091814AEBE0076347F /* CCScene.m in Sources */,
				B64E23AF1814AEBD0076347F /* CCAnimationCache.m in Sources */,
				B64E23E41814AEBE0076347F /* CCNode.m in Sources */,
				B64E24A21814AEBF0076347F /* ZAttributedString.m in Sources */,
			);
			runOnlyForDeploymentPostprocessing = 0;
		};
/* End PBXSourcesBuildPhase section */

/* Begin XCBuildConfiguration section */
		B64E24B61814AEBF0076347F /* Debug */ = {
			isa = XCBuildConfiguration;
			buildSettings = {
				ARCHS = "$(ARCHS_STANDARD_32_BIT)";
				"CODE_SIGN_IDENTITY[sdk=iphoneos*]" = "iPhone Developer";
				GCC_C_LANGUAGE_STANDARD = gnu99;
				GCC_OPTIMIZATION_LEVEL = 0;
				GCC_PREPROCESSOR_DEFINITIONS = (
					DEBUG,
					"COCOS2D_DEBUG=1",
				);
				GCC_SYMBOLS_PRIVATE_EXTERN = NO;
				GCC_WARN_ABOUT_RETURN_TYPE = YES;
				GCC_WARN_UNUSED_VARIABLE = YES;
				IPHONEOS_DEPLOYMENT_TARGET = 7.0;
				SDKROOT = iphoneos;
			};
			name = Debug;
		};
		B64E24B71814AEBF0076347F /* Release */ = {
			isa = XCBuildConfiguration;
			buildSettings = {
				ARCHS = "$(ARCHS_STANDARD_32_BIT)";
				"CODE_SIGN_IDENTITY[sdk=iphoneos*]" = "iPhone Developer";
				GCC_C_LANGUAGE_STANDARD = gnu99;
				GCC_PREPROCESSOR_DEFINITIONS = NDEBUG;
				GCC_WARN_ABOUT_RETURN_TYPE = YES;
				GCC_WARN_UNUSED_VARIABLE = YES;
				IPHONEOS_DEPLOYMENT_TARGET = 7.0;
				OTHER_CFLAGS = "-DNS_BLOCK_ASSERTIONS=1";
				SDKROOT = iphoneos;
			};
			name = Release;
		};
		B64E24B91814AEBF0076347F /* Debug */ = {
			isa = XCBuildConfiguration;
			buildSettings = {
				ALWAYS_SEARCH_USER_PATHS = NO;
				COPY_PHASE_STRIP = NO;
				GCC_DYNAMIC_NO_PIC = NO;
				GCC_PRECOMPILE_PREFIX_HEADER = YES;
				GCC_PREFIX_HEADER = "Bomb!/Prefix.pch";
				"GCC_THUMB_SUPPORT[arch=armv6]" = "";
				INFOPLIST_FILE = "Bomb!/Resources/Info.plist";
				OTHER_LDFLAGS = "-lz";
				PRODUCT_NAME = "$(TARGET_NAME)";
				WRAPPER_EXTENSION = app;
			};
			name = Debug;
		};
		B64E24BA1814AEBF0076347F /* Release */ = {
			isa = XCBuildConfiguration;
			buildSettings = {
				ALWAYS_SEARCH_USER_PATHS = NO;
				COPY_PHASE_STRIP = YES;
				GCC_PRECOMPILE_PREFIX_HEADER = YES;
				GCC_PREFIX_HEADER = "Bomb!/Prefix.pch";
				"GCC_THUMB_SUPPORT[arch=armv6]" = "";
				INFOPLIST_FILE = "Bomb!/Resources/Info.plist";
				OTHER_LDFLAGS = "-lz";
				PRODUCT_NAME = "$(TARGET_NAME)";
				VALIDATE_PRODUCT = YES;
				WRAPPER_EXTENSION = app;
			};
			name = Release;
		};
/* End XCBuildConfiguration section */

/* Begin XCConfigurationList section */
		B64E23531814AEBD0076347F /* Build configuration list for PBXProject "Bomb!" */ = {
			isa = XCConfigurationList;
			buildConfigurations = (
				B64E24B61814AEBF0076347F /* Debug */,
				B64E24B71814AEBF0076347F /* Release */,
			);
			defaultConfigurationIsVisible = 0;
			defaultConfigurationName = Release;
		};
		B64E24B81814AEBF0076347F /* Build configuration list for PBXNativeTarget "Bomb!" */ = {
			isa = XCConfigurationList;
			buildConfigurations = (
				B64E24B91814AEBF0076347F /* Debug */,
				B64E24BA1814AEBF0076347F /* Release */,
			);
			defaultConfigurationIsVisible = 0;
		};
/* End XCConfigurationList section */
	};
	rootObject = B64E23501814AEBD0076347F /* Project object */;
}
