// !$*UTF8*$!
{
	archiveVersion = 1;
	classes = {
	};
	objectVersion = 46;
	objects = {

/* Begin PBXBuildFile section */
		B678936F181422F9009C20E1 /* Foundation.framework in Frameworks */ = {isa = PBXBuildFile; fileRef = B678936E181422F9009C20E1 /* Foundation.framework */; };
		B6789371181422F9009C20E1 /* CoreGraphics.framework in Frameworks */ = {isa = PBXBuildFile; fileRef = B6789370181422F9009C20E1 /* CoreGraphics.framework */; };
		B6789373181422F9009C20E1 /* UIKit.framework in Frameworks */ = {isa = PBXBuildFile; fileRef = B6789372181422F9009C20E1 /* UIKit.framework */; };
		B6789375181422F9009C20E1 /* SpriteKit.framework in Frameworks */ = {isa = PBXBuildFile; fileRef = B6789374181422F9009C20E1 /* SpriteKit.framework */; };
		B678937B181422F9009C20E1 /* InfoPlist.strings in Resources */ = {isa = PBXBuildFile; fileRef = B6789379181422F9009C20E1 /* InfoPlist.strings */; };
		B678937D181422F9009C20E1 /* main.m in Sources */ = {isa = PBXBuildFile; fileRef = B678937C181422F9009C20E1 /* main.m */; };
		B6789381181422F9009C20E1 /* MBPAppDelegate.m in Sources */ = {isa = PBXBuildFile; fileRef = B6789380181422F9009C20E1 /* MBPAppDelegate.m */; };
		B6789384181422F9009C20E1 /* Main_iPhone.storyboard in Resources */ = {isa = PBXBuildFile; fileRef = B6789382181422F9009C20E1 /* Main_iPhone.storyboard */; };
		B6789387181422F9009C20E1 /* Main_iPad.storyboard in Resources */ = {isa = PBXBuildFile; fileRef = B6789385181422F9009C20E1 /* Main_iPad.storyboard */; };
		B678938A181422F9009C20E1 /* MBPViewController.m in Sources */ = {isa = PBXBuildFile; fileRef = B6789389181422F9009C20E1 /* MBPViewController.m */; };
		B678938D181422F9009C20E1 /* MBPMyScene.m in Sources */ = {isa = PBXBuildFile; fileRef = B678938C181422F9009C20E1 /* MBPMyScene.m */; };
		B678938F181422F9009C20E1 /* Spaceship.png in Resources */ = {isa = PBXBuildFile; fileRef = B678938E181422F9009C20E1 /* Spaceship.png */; };
		B6789391181422F9009C20E1 /* Images.xcassets in Resources */ = {isa = PBXBuildFile; fileRef = B6789390181422F9009C20E1 /* Images.xcassets */; };
		B6789398181422F9009C20E1 /* XCTest.framework in Frameworks */ = {isa = PBXBuildFile; fileRef = B6789397181422F9009C20E1 /* XCTest.framework */; };
		B6789399181422F9009C20E1 /* Foundation.framework in Frameworks */ = {isa = PBXBuildFile; fileRef = B678936E181422F9009C20E1 /* Foundation.framework */; };
		B678939A181422F9009C20E1 /* UIKit.framework in Frameworks */ = {isa = PBXBuildFile; fileRef = B6789372181422F9009C20E1 /* UIKit.framework */; };
		B67893A2181422F9009C20E1 /* InfoPlist.strings in Resources */ = {isa = PBXBuildFile; fileRef = B67893A0181422F9009C20E1 /* InfoPlist.strings */; };
		B67893A4181422F9009C20E1 /* Bomb_It_UpTests.m in Sources */ = {isa = PBXBuildFile; fileRef = B67893A3181422F9009C20E1 /* Bomb_It_UpTests.m */; };
/* End PBXBuildFile section */

/* Begin PBXContainerItemProxy section */
		B678939B181422F9009C20E1 /* PBXContainerItemProxy */ = {
			isa = PBXContainerItemProxy;
			containerPortal = B6789363181422F9009C20E1 /* Project object */;
			proxyType = 1;
			remoteGlobalIDString = B678936A181422F9009C20E1;
			remoteInfo = "Bomb It Up";
		};
/* End PBXContainerItemProxy section */

/* Begin PBXFileReference section */
		B678936B181422F9009C20E1 /* Bomb It Up.app */ = {isa = PBXFileReference; explicitFileType = wrapper.application; includeInIndex = 0; path = "Bomb It Up.app"; sourceTree = BUILT_PRODUCTS_DIR; };
		B678936E181422F9009C20E1 /* Foundation.framework */ = {isa = PBXFileReference; lastKnownFileType = wrapper.framework; name = Foundation.framework; path = System/Library/Frameworks/Foundation.framework; sourceTree = SDKROOT; };
		B6789370181422F9009C20E1 /* CoreGraphics.framework */ = {isa = PBXFileReference; lastKnownFileType = wrapper.framework; name = CoreGraphics.framework; path = System/Library/Frameworks/CoreGraphics.framework; sourceTree = SDKROOT; };
		B6789372181422F9009C20E1 /* UIKit.framework */ = {isa = PBXFileReference; lastKnownFileType = wrapper.framework; name = UIKit.framework; path = System/Library/Frameworks/UIKit.framework; sourceTree = SDKROOT; };
		B6789374181422F9009C20E1 /* SpriteKit.framework */ = {isa = PBXFileReference; lastKnownFileType = wrapper.framework; name = SpriteKit.framework; path = System/Library/Frameworks/SpriteKit.framework; sourceTree = SDKROOT; };
		B6789378181422F9009C20E1 /* Bomb It Up-Info.plist */ = {isa = PBXFileReference; lastKnownFileType = text.plist.xml; path = "Bomb It Up-Info.plist"; sourceTree = "<group>"; };
		B678937A181422F9009C20E1 /* en */ = {isa = PBXFileReference; lastKnownFileType = text.plist.strings; name = en; path = en.lproj/InfoPlist.strings; sourceTree = "<group>"; };
		B678937C181422F9009C20E1 /* main.m */ = {isa = PBXFileReference; lastKnownFileType = sourcecode.c.objc; path = main.m; sourceTree = "<group>"; };
		B678937E181422F9009C20E1 /* Bomb It Up-Prefix.pch */ = {isa = PBXFileReference; lastKnownFileType = sourcecode.c.h; path = "Bomb It Up-Prefix.pch"; sourceTree = "<group>"; };
		B678937F181422F9009C20E1 /* MBPAppDelegate.h */ = {isa = PBXFileReference; lastKnownFileType = sourcecode.c.h; path = MBPAppDelegate.h; sourceTree = "<group>"; };
		B6789380181422F9009C20E1 /* MBPAppDelegate.m */ = {isa = PBXFileReference; lastKnownFileType = sourcecode.c.objc; path = MBPAppDelegate.m; sourceTree = "<group>"; };
		B6789383181422F9009C20E1 /* Base */ = {isa = PBXFileReference; lastKnownFileType = file.storyboard; name = Base; path = Base.lproj/Main_iPhone.storyboard; sourceTree = "<group>"; };
		B6789386181422F9009C20E1 /* Base */ = {isa = PBXFileReference; lastKnownFileType = file.storyboard; name = Base; path = Base.lproj/Main_iPad.storyboard; sourceTree = "<group>"; };
		B6789388181422F9009C20E1 /* MBPViewController.h */ = {isa = PBXFileReference; lastKnownFileType = sourcecode.c.h; path = MBPViewController.h; sourceTree = "<group>"; };
		B6789389181422F9009C20E1 /* MBPViewController.m */ = {isa = PBXFileReference; lastKnownFileType = sourcecode.c.objc; path = MBPViewController.m; sourceTree = "<group>"; };
		B678938B181422F9009C20E1 /* MBPMyScene.h */ = {isa = PBXFileReference; lastKnownFileType = sourcecode.c.h; path = MBPMyScene.h; sourceTree = "<group>"; };
		B678938C181422F9009C20E1 /* MBPMyScene.m */ = {isa = PBXFileReference; lastKnownFileType = sourcecode.c.objc; path = MBPMyScene.m; sourceTree = "<group>"; };
		B678938E181422F9009C20E1 /* Spaceship.png */ = {isa = PBXFileReference; lastKnownFileType = image.png; path = Spaceship.png; sourceTree = "<group>"; };
		B6789390181422F9009C20E1 /* Images.xcassets */ = {isa = PBXFileReference; lastKnownFileType = folder.assetcatalog; path = Images.xcassets; sourceTree = "<group>"; };
		B6789396181422F9009C20E1 /* Bomb It UpTests.xctest */ = {isa = PBXFileReference; explicitFileType = wrapper.cfbundle; includeInIndex = 0; path = "Bomb It UpTests.xctest"; sourceTree = BUILT_PRODUCTS_DIR; };
		B6789397181422F9009C20E1 /* XCTest.framework */ = {isa = PBXFileReference; lastKnownFileType = wrapper.framework; name = XCTest.framework; path = Library/Frameworks/XCTest.framework; sourceTree = DEVELOPER_DIR; };
		B678939F181422F9009C20E1 /* Bomb It UpTests-Info.plist */ = {isa = PBXFileReference; lastKnownFileType = text.plist.xml; path = "Bomb It UpTests-Info.plist"; sourceTree = "<group>"; };
		B67893A1181422F9009C20E1 /* en */ = {isa = PBXFileReference; lastKnownFileType = text.plist.strings; name = en; path = en.lproj/InfoPlist.strings; sourceTree = "<group>"; };
		B67893A3181422F9009C20E1 /* Bomb_It_UpTests.m */ = {isa = PBXFileReference; lastKnownFileType = sourcecode.c.objc; path = Bomb_It_UpTests.m; sourceTree = "<group>"; };
/* End PBXFileReference section */

/* Begin PBXFrameworksBuildPhase section */
		B6789368181422F9009C20E1 /* Frameworks */ = {
			isa = PBXFrameworksBuildPhase;
			buildActionMask = 2147483647;
			files = (
				B6789371181422F9009C20E1 /* CoreGraphics.framework in Frameworks */,
				B6789373181422F9009C20E1 /* UIKit.framework in Frameworks */,
				B6789375181422F9009C20E1 /* SpriteKit.framework in Frameworks */,
				B678936F181422F9009C20E1 /* Foundation.framework in Frameworks */,
			);
			runOnlyForDeploymentPostprocessing = 0;
		};
		B6789393181422F9009C20E1 /* Frameworks */ = {
			isa = PBXFrameworksBuildPhase;
			buildActionMask = 2147483647;
			files = (
				B6789398181422F9009C20E1 /* XCTest.framework in Frameworks */,
				B678939A181422F9009C20E1 /* UIKit.framework in Frameworks */,
				B6789399181422F9009C20E1 /* Foundation.framework in Frameworks */,
			);
			runOnlyForDeploymentPostprocessing = 0;
		};
/* End PBXFrameworksBuildPhase section */

/* Begin PBXGroup section */
		B6789362181422F9009C20E1 = {
			isa = PBXGroup;
			children = (
				B6789376181422F9009C20E1 /* Bomb It Up */,
				B678939D181422F9009C20E1 /* Bomb It UpTests */,
				B678936D181422F9009C20E1 /* Frameworks */,
				B678936C181422F9009C20E1 /* Products */,
			);
			sourceTree = "<group>";
		};
		B678936C181422F9009C20E1 /* Products */ = {
			isa = PBXGroup;
			children = (
				B678936B181422F9009C20E1 /* Bomb It Up.app */,
				B6789396181422F9009C20E1 /* Bomb It UpTests.xctest */,
			);
			name = Products;
			sourceTree = "<group>";
		};
		B678936D181422F9009C20E1 /* Frameworks */ = {
			isa = PBXGroup;
			children = (
				B678936E181422F9009C20E1 /* Foundation.framework */,
				B6789370181422F9009C20E1 /* CoreGraphics.framework */,
				B6789372181422F9009C20E1 /* UIKit.framework */,
				B6789374181422F9009C20E1 /* SpriteKit.framework */,
				B6789397181422F9009C20E1 /* XCTest.framework */,
			);
			name = Frameworks;
			sourceTree = "<group>";
		};
		B6789376181422F9009C20E1 /* Bomb It Up */ = {
			isa = PBXGroup;
			children = (
				B678937F181422F9009C20E1 /* MBPAppDelegate.h */,
				B6789380181422F9009C20E1 /* MBPAppDelegate.m */,
				B6789382181422F9009C20E1 /* Main_iPhone.storyboard */,
				B6789385181422F9009C20E1 /* Main_iPad.storyboard */,
				B6789388181422F9009C20E1 /* MBPViewController.h */,
				B6789389181422F9009C20E1 /* MBPViewController.m */,
				B678938B181422F9009C20E1 /* MBPMyScene.h */,
				B678938C181422F9009C20E1 /* MBPMyScene.m */,
				B678938E181422F9009C20E1 /* Spaceship.png */,
				B6789390181422F9009C20E1 /* Images.xcassets */,
				B6789377181422F9009C20E1 /* Supporting Files */,
			);
			path = "Bomb It Up";
			sourceTree = "<group>";
		};
		B6789377181422F9009C20E1 /* Supporting Files */ = {
			isa = PBXGroup;
			children = (
				B6789378181422F9009C20E1 /* Bomb It Up-Info.plist */,
				B6789379181422F9009C20E1 /* InfoPlist.strings */,
				B678937C181422F9009C20E1 /* main.m */,
				B678937E181422F9009C20E1 /* Bomb It Up-Prefix.pch */,
			);
			name = "Supporting Files";
			sourceTree = "<group>";
		};
		B678939D181422F9009C20E1 /* Bomb It UpTests */ = {
			isa = PBXGroup;
			children = (
				B67893A3181422F9009C20E1 /* Bomb_It_UpTests.m */,
				B678939E181422F9009C20E1 /* Supporting Files */,
			);
			path = "Bomb It UpTests";
			sourceTree = "<group>";
		};
		B678939E181422F9009C20E1 /* Supporting Files */ = {
			isa = PBXGroup;
			children = (
				B678939F181422F9009C20E1 /* Bomb It UpTests-Info.plist */,
				B67893A0181422F9009C20E1 /* InfoPlist.strings */,
			);
			name = "Supporting Files";
			sourceTree = "<group>";
		};
/* End PBXGroup section */

/* Begin PBXNativeTarget section */
		B678936A181422F9009C20E1 /* Bomb It Up */ = {
			isa = PBXNativeTarget;
			buildConfigurationList = B67893A7181422F9009C20E1 /* Build configuration list for PBXNativeTarget "Bomb It Up" */;
			buildPhases = (
				B6789367181422F9009C20E1 /* Sources */,
				B6789368181422F9009C20E1 /* Frameworks */,
				B6789369181422F9009C20E1 /* Resources */,
			);
			buildRules = (
			);
			dependencies = (
			);
			name = "Bomb It Up";
			productName = "Bomb It Up";
			productReference = B678936B181422F9009C20E1 /* Bomb It Up.app */;
			productType = "com.apple.product-type.application";
		};
		B6789395181422F9009C20E1 /* Bomb It UpTests */ = {
			isa = PBXNativeTarget;
			buildConfigurationList = B67893AA181422F9009C20E1 /* Build configuration list for PBXNativeTarget "Bomb It UpTests" */;
			buildPhases = (
				B6789392181422F9009C20E1 /* Sources */,
				B6789393181422F9009C20E1 /* Frameworks */,
				B6789394181422F9009C20E1 /* Resources */,
			);
			buildRules = (
			);
			dependencies = (
				B678939C181422F9009C20E1 /* PBXTargetDependency */,
			);
			name = "Bomb It UpTests";
			productName = "Bomb It UpTests";
			productReference = B6789396181422F9009C20E1 /* Bomb It UpTests.xctest */;
			productType = "com.apple.product-type.bundle.unit-test";
		};
/* End PBXNativeTarget section */

/* Begin PBXProject section */
		B6789363181422F9009C20E1 /* Project object */ = {
			isa = PBXProject;
			attributes = {
				CLASSPREFIX = MBP;
				LastUpgradeCheck = 0500;
				ORGANIZATIONNAME = "MagaBenG Productions";
				TargetAttributes = {
					B6789395181422F9009C20E1 = {
						TestTargetID = B678936A181422F9009C20E1;
					};
				};
			};
			buildConfigurationList = B6789366181422F9009C20E1 /* Build configuration list for PBXProject "Bomb It Up" */;
			compatibilityVersion = "Xcode 3.2";
			developmentRegion = English;
			hasScannedForEncodings = 0;
			knownRegions = (
				en,
				Base,
			);
			mainGroup = B6789362181422F9009C20E1;
			productRefGroup = B678936C181422F9009C20E1 /* Products */;
			projectDirPath = "";
			projectRoot = "";
			targets = (
				B678936A181422F9009C20E1 /* Bomb It Up */,
				B6789395181422F9009C20E1 /* Bomb It UpTests */,
			);
		};
/* End PBXProject section */

/* Begin PBXResourcesBuildPhase section */
		B6789369181422F9009C20E1 /* Resources */ = {
			isa = PBXResourcesBuildPhase;
			buildActionMask = 2147483647;
			files = (
				B678938F181422F9009C20E1 /* Spaceship.png in Resources */,
				B6789391181422F9009C20E1 /* Images.xcassets in Resources */,
				B6789387181422F9009C20E1 /* Main_iPad.storyboard in Resources */,
				B6789384181422F9009C20E1 /* Main_iPhone.storyboard in Resources */,
				B678937B181422F9009C20E1 /* InfoPlist.strings in Resources */,
			);
			runOnlyForDeploymentPostprocessing = 0;
		};
		B6789394181422F9009C20E1 /* Resources */ = {
			isa = PBXResourcesBuildPhase;
			buildActionMask = 2147483647;
			files = (
				B67893A2181422F9009C20E1 /* InfoPlist.strings in Resources */,
			);
			runOnlyForDeploymentPostprocessing = 0;
		};
/* End PBXResourcesBuildPhase section */

/* Begin PBXSourcesBuildPhase section */
		B6789367181422F9009C20E1 /* Sources */ = {
			isa = PBXSourcesBuildPhase;
			buildActionMask = 2147483647;
			files = (
				B6789381181422F9009C20E1 /* MBPAppDelegate.m in Sources */,
				B678938A181422F9009C20E1 /* MBPViewController.m in Sources */,
				B678938D181422F9009C20E1 /* MBPMyScene.m in Sources */,
				B678937D181422F9009C20E1 /* main.m in Sources */,
			);
			runOnlyForDeploymentPostprocessing = 0;
		};
		B6789392181422F9009C20E1 /* Sources */ = {
			isa = PBXSourcesBuildPhase;
			buildActionMask = 2147483647;
			files = (
				B67893A4181422F9009C20E1 /* Bomb_It_UpTests.m in Sources */,
			);
			runOnlyForDeploymentPostprocessing = 0;
		};
/* End PBXSourcesBuildPhase section */

/* Begin PBXTargetDependency section */
		B678939C181422F9009C20E1 /* PBXTargetDependency */ = {
			isa = PBXTargetDependency;
			target = B678936A181422F9009C20E1 /* Bomb It Up */;
			targetProxy = B678939B181422F9009C20E1 /* PBXContainerItemProxy */;
		};
/* End PBXTargetDependency section */

/* Begin PBXVariantGroup section */
		B6789379181422F9009C20E1 /* InfoPlist.strings */ = {
			isa = PBXVariantGroup;
			children = (
				B678937A181422F9009C20E1 /* en */,
			);
			name = InfoPlist.strings;
			sourceTree = "<group>";
		};
		B6789382181422F9009C20E1 /* Main_iPhone.storyboard */ = {
			isa = PBXVariantGroup;
			children = (
				B6789383181422F9009C20E1 /* Base */,
			);
			name = Main_iPhone.storyboard;
			sourceTree = "<group>";
		};
		B6789385181422F9009C20E1 /* Main_iPad.storyboard */ = {
			isa = PBXVariantGroup;
			children = (
				B6789386181422F9009C20E1 /* Base */,
			);
			name = Main_iPad.storyboard;
			sourceTree = "<group>";
		};
		B67893A0181422F9009C20E1 /* InfoPlist.strings */ = {
			isa = PBXVariantGroup;
			children = (
				B67893A1181422F9009C20E1 /* en */,
			);
			name = InfoPlist.strings;
			sourceTree = "<group>";
		};
/* End PBXVariantGroup section */

/* Begin XCBuildConfiguration section */
		B67893A5181422F9009C20E1 /* Debug */ = {
			isa = XCBuildConfiguration;
			buildSettings = {
				ALWAYS_SEARCH_USER_PATHS = NO;
				ARCHS = "$(ARCHS_STANDARD_INCLUDING_64_BIT)";
				CLANG_CXX_LANGUAGE_STANDARD = "gnu++0x";
				CLANG_CXX_LIBRARY = "libc++";
				CLANG_ENABLE_MODULES = YES;
				CLANG_ENABLE_OBJC_ARC = YES;
				CLANG_WARN_BOOL_CONVERSION = YES;
				CLANG_WARN_CONSTANT_CONVERSION = YES;
				CLANG_WARN_DIRECT_OBJC_ISA_USAGE = YES_ERROR;
				CLANG_WARN_EMPTY_BODY = YES;
				CLANG_WARN_ENUM_CONVERSION = YES;
				CLANG_WARN_INT_CONVERSION = YES;
				CLANG_WARN_OBJC_ROOT_CLASS = YES_ERROR;
				CLANG_WARN__DUPLICATE_METHOD_MATCH = YES;
				"CODE_SIGN_IDENTITY[sdk=iphoneos*]" = "iPhone Developer";
				COPY_PHASE_STRIP = NO;
				GCC_C_LANGUAGE_STANDARD = gnu99;
				GCC_DYNAMIC_NO_PIC = NO;
				GCC_OPTIMIZATION_LEVEL = 0;
				GCC_PREPROCESSOR_DEFINITIONS = (
					"DEBUG=1",
					"$(inherited)",
				);
				GCC_SYMBOLS_PRIVATE_EXTERN = NO;
				GCC_WARN_64_TO_32_BIT_CONVERSION = YES;
				GCC_WARN_ABOUT_RETURN_TYPE = YES_ERROR;
				GCC_WARN_UNDECLARED_SELECTOR = YES;
				GCC_WARN_UNINITIALIZED_AUTOS = YES;
				GCC_WARN_UNUSED_FUNCTION = YES;
				GCC_WARN_UNUSED_VARIABLE = YES;
				IPHONEOS_DEPLOYMENT_TARGET = 7.0;
				ONLY_ACTIVE_ARCH = YES;
				SDKROOT = iphoneos;
				TARGETED_DEVICE_FAMILY = "1,2";
			};
			name = Debug;
		};
		B67893A6181422F9009C20E1 /* Release */ = {
			isa = XCBuildConfiguration;
			buildSettings = {
				ALWAYS_SEARCH_USER_PATHS = NO;
				ARCHS = "$(ARCHS_STANDARD_INCLUDING_64_BIT)";
				CLANG_CXX_LANGUAGE_STANDARD = "gnu++0x";
				CLANG_CXX_LIBRARY = "libc++";
				CLANG_ENABLE_MODULES = YES;
				CLANG_ENABLE_OBJC_ARC = YES;
				CLANG_WARN_BOOL_CONVERSION = YES;
				CLANG_WARN_CONSTANT_CONVERSION = YES;
				CLANG_WARN_DIRECT_OBJC_ISA_USAGE = YES_ERROR;
				CLANG_WARN_EMPTY_BODY = YES;
				CLANG_WARN_ENUM_CONVERSION = YES;
				CLANG_WARN_INT_CONVERSION = YES;
				CLANG_WARN_OBJC_ROOT_CLASS = YES_ERROR;
				CLANG_WARN__DUPLICATE_METHOD_MATCH = YES;
				"CODE_SIGN_IDENTITY[sdk=iphoneos*]" = "iPhone Developer";
				COPY_PHASE_STRIP = YES;
				ENABLE_NS_ASSERTIONS = NO;
				GCC_C_LANGUAGE_STANDARD = gnu99;
				GCC_WARN_64_TO_32_BIT_CONVERSION = YES;
				GCC_WARN_ABOUT_RETURN_TYPE = YES_ERROR;
				GCC_WARN_UNDECLARED_SELECTOR = YES;
				GCC_WARN_UNINITIALIZED_AUTOS = YES;
				GCC_WARN_UNUSED_FUNCTION = YES;
				GCC_WARN_UNUSED_VARIABLE = YES;
				IPHONEOS_DEPLOYMENT_TARGET = 7.0;
				SDKROOT = iphoneos;
				TARGETED_DEVICE_FAMILY = "1,2";
				VALIDATE_PRODUCT = YES;
			};
			name = Release;
		};
		B67893A8181422F9009C20E1 /* Debug */ = {
			isa = XCBuildConfiguration;
			buildSettings = {
				ASSETCATALOG_COMPILER_APPICON_NAME = AppIcon;
				ASSETCATALOG_COMPILER_LAUNCHIMAGE_NAME = LaunchImage;
				GCC_PRECOMPILE_PREFIX_HEADER = YES;
				GCC_PREFIX_HEADER = "Bomb It Up/Bomb It Up-Prefix.pch";
				INFOPLIST_FILE = "Bomb It Up/Bomb It Up-Info.plist";
				PRODUCT_NAME = "$(TARGET_NAME)";
				SPRITEKIT_TEXTURE_ATLAS_OUTPUT = YES;
				WRAPPER_EXTENSION = app;
			};
			name = Debug;
		};
		B67893A9181422F9009C20E1 /* Release */ = {
			isa = XCBuildConfiguration;
			buildSettings = {
				ASSETCATALOG_COMPILER_APPICON_NAME = AppIcon;
				ASSETCATALOG_COMPILER_LAUNCHIMAGE_NAME = LaunchImage;
				GCC_PRECOMPILE_PREFIX_HEADER = YES;
				GCC_PREFIX_HEADER = "Bomb It Up/Bomb It Up-Prefix.pch";
				INFOPLIST_FILE = "Bomb It Up/Bomb It Up-Info.plist";
				PRODUCT_NAME = "$(TARGET_NAME)";
				SPRITEKIT_TEXTURE_ATLAS_OUTPUT = YES;
				WRAPPER_EXTENSION = app;
			};
			name = Release;
		};
		B67893AB181422F9009C20E1 /* Debug */ = {
			isa = XCBuildConfiguration;
			buildSettings = {
				ARCHS = "$(ARCHS_STANDARD_INCLUDING_64_BIT)";
				BUNDLE_LOADER = "$(BUILT_PRODUCTS_DIR)/Bomb It Up.app/Bomb It Up";
				FRAMEWORK_SEARCH_PATHS = (
					"$(SDKROOT)/Developer/Library/Frameworks",
					"$(inherited)",
					"$(DEVELOPER_FRAMEWORKS_DIR)",
				);
				GCC_PRECOMPILE_PREFIX_HEADER = YES;
				GCC_PREFIX_HEADER = "Bomb It Up/Bomb It Up-Prefix.pch";
				GCC_PREPROCESSOR_DEFINITIONS = (
					"DEBUG=1",
					"$(inherited)",
				);
				INFOPLIST_FILE = "Bomb It UpTests/Bomb It UpTests-Info.plist";
				PRODUCT_NAME = "$(TARGET_NAME)";
				TEST_HOST = "$(BUNDLE_LOADER)";
				WRAPPER_EXTENSION = xctest;
			};
			name = Debug;
		};
		B67893AC181422F9009C20E1 /* Release */ = {
			isa = XCBuildConfiguration;
			buildSettings = {
				ARCHS = "$(ARCHS_STANDARD_INCLUDING_64_BIT)";
				BUNDLE_LOADER = "$(BUILT_PRODUCTS_DIR)/Bomb It Up.app/Bomb It Up";
				FRAMEWORK_SEARCH_PATHS = (
					"$(SDKROOT)/Developer/Library/Frameworks",
					"$(inherited)",
					"$(DEVELOPER_FRAMEWORKS_DIR)",
				);
				GCC_PRECOMPILE_PREFIX_HEADER = YES;
				GCC_PREFIX_HEADER = "Bomb It Up/Bomb It Up-Prefix.pch";
				INFOPLIST_FILE = "Bomb It UpTests/Bomb It UpTests-Info.plist";
				PRODUCT_NAME = "$(TARGET_NAME)";
				TEST_HOST = "$(BUNDLE_LOADER)";
				WRAPPER_EXTENSION = xctest;
			};
			name = Release;
		};
/* End XCBuildConfiguration section */

/* Begin XCConfigurationList section */
		B6789366181422F9009C20E1 /* Build configuration list for PBXProject "Bomb It Up" */ = {
			isa = XCConfigurationList;
			buildConfigurations = (
				B67893A5181422F9009C20E1 /* Debug */,
				B67893A6181422F9009C20E1 /* Release */,
			);
			defaultConfigurationIsVisible = 0;
			defaultConfigurationName = Release;
		};
		B67893A7181422F9009C20E1 /* Build configuration list for PBXNativeTarget "Bomb It Up" */ = {
			isa = XCConfigurationList;
			buildConfigurations = (
				B67893A8181422F9009C20E1 /* Debug */,
				B67893A9181422F9009C20E1 /* Release */,
			);
			defaultConfigurationIsVisible = 0;
		};
		B67893AA181422F9009C20E1 /* Build configuration list for PBXNativeTarget "Bomb It UpTests" */ = {
			isa = XCConfigurationList;
			buildConfigurations = (
				B67893AB181422F9009C20E1 /* Debug */,
				B67893AC181422F9009C20E1 /* Release */,
			);
			defaultConfigurationIsVisible = 0;
		};
/* End XCConfigurationList section */
	};
	rootObject = B6789363181422F9009C20E1 /* Project object */;
}
